// !$*UTF8*$!
{
	archiveVersion = 1;
	classes = {
	};
	objectVersion = 56;
	objects = {

/* Begin PBXBuildFile section */
		0F1A78DA2D4837C500DAA4F0 /* HomeBuilder.swift in Sources */ = {isa = PBXBuildFile; fileRef = 0F1A78D92D4837C500DAA4F0 /* HomeBuilder.swift */; };
		0F1A78DE2D48425300DAA4F0 /* ChallengeViewController.swift in Sources */ = {isa = PBXBuildFile; fileRef = 0F1A78DD2D48425300DAA4F0 /* ChallengeViewController.swift */; };
		0F1A78E02D4842AD00DAA4F0 /* ChallengeInteractor.swift in Sources */ = {isa = PBXBuildFile; fileRef = 0F1A78DF2D4842AD00DAA4F0 /* ChallengeInteractor.swift */; };
		0F1A78E22D4842BD00DAA4F0 /* ChallengePresenter.swift in Sources */ = {isa = PBXBuildFile; fileRef = 0F1A78E12D4842BD00DAA4F0 /* ChallengePresenter.swift */; };
		0F1A78E42D4842CD00DAA4F0 /* ChallengeModel.swift in Sources */ = {isa = PBXBuildFile; fileRef = 0F1A78E32D4842CD00DAA4F0 /* ChallengeModel.swift */; };
		0F1A78E62D4842E500DAA4F0 /* ChallengeBuilder.swift in Sources */ = {isa = PBXBuildFile; fileRef = 0F1A78E52D4842E500DAA4F0 /* ChallengeBuilder.swift */; };
		0F1A78E82D48522D00DAA4F0 /* Constants.swift in Sources */ = {isa = PBXBuildFile; fileRef = 0F5F8CBB2D41A7DE006A8164 /* Constants.swift */; };
		0F1A78EB2D48577200DAA4F0 /* ProfileViewController.swift in Sources */ = {isa = PBXBuildFile; fileRef = 0F1A78EA2D48577200DAA4F0 /* ProfileViewController.swift */; };
		0F1A78ED2D48577F00DAA4F0 /* ProfileInteractor.swift in Sources */ = {isa = PBXBuildFile; fileRef = 0F1A78EC2D48577F00DAA4F0 /* ProfileInteractor.swift */; };
		0F1A78EF2D48579A00DAA4F0 /* ProfilePresenter.swift in Sources */ = {isa = PBXBuildFile; fileRef = 0F1A78EE2D48579A00DAA4F0 /* ProfilePresenter.swift */; };
		0F1A78F12D4857AA00DAA4F0 /* ProfileModel.swift in Sources */ = {isa = PBXBuildFile; fileRef = 0F1A78F02D4857AA00DAA4F0 /* ProfileModel.swift */; };
		0F1A78F32D4857BF00DAA4F0 /* ProfileBuilder.swift in Sources */ = {isa = PBXBuildFile; fileRef = 0F1A78F22D4857BF00DAA4F0 /* ProfileBuilder.swift */; };
		0F2C541E2D492EFD0051AD13 /* MainTabBarController.swift in Sources */ = {isa = PBXBuildFile; fileRef = 0F2C541D2D492EFD0051AD13 /* MainTabBarController.swift */; };
		0F2C54232D4EEADC0051AD13 /* CrownsLearningViewController.swift in Sources */ = {isa = PBXBuildFile; fileRef = 0F2C54222D4EEADC0051AD13 /* CrownsLearningViewController.swift */; };
		0F2C54272D4EF4600051AD13 /* SudokuLearningViewController.swift in Sources */ = {isa = PBXBuildFile; fileRef = 0F2C54262D4EF4600051AD13 /* SudokuLearningViewController.swift */; };
		0F2C54292D4EF4710051AD13 /* QueensLearningViewController.swift in Sources */ = {isa = PBXBuildFile; fileRef = 0F2C54282D4EF4710051AD13 /* QueensLearningViewController.swift */; };
		0F2C543B2D50224B0051AD13 /* SudokuPlayViewController.swift in Sources */ = {isa = PBXBuildFile; fileRef = 0F2C543A2D50224B0051AD13 /* SudokuPlayViewController.swift */; };
		0F2C543D2D50230F0051AD13 /* CrownsPlayViewController.swift in Sources */ = {isa = PBXBuildFile; fileRef = 0F2C543C2D50230F0051AD13 /* CrownsPlayViewController.swift */; };
		0F2C543F2D50236C0051AD13 /* QueensPlayViewController.swift in Sources */ = {isa = PBXBuildFile; fileRef = 0F2C543E2D50236C0051AD13 /* QueensPlayViewController.swift */; };
		0F2C54412D50511D0051AD13 /* CrownsPlayInteractor.swift in Sources */ = {isa = PBXBuildFile; fileRef = 0F2C54402D50511D0051AD13 /* CrownsPlayInteractor.swift */; };
		0F2C54432D50512C0051AD13 /* CrownsPlayPresenter.swift in Sources */ = {isa = PBXBuildFile; fileRef = 0F2C54422D50512C0051AD13 /* CrownsPlayPresenter.swift */; };
		0F2C54452D50513A0051AD13 /* CrownsPlayModel.swift in Sources */ = {isa = PBXBuildFile; fileRef = 0F2C54442D50513A0051AD13 /* CrownsPlayModel.swift */; };
		0F2C54472D50514D0051AD13 /* CrownsPlayBuilder.swift in Sources */ = {isa = PBXBuildFile; fileRef = 0F2C54462D50514D0051AD13 /* CrownsPlayBuilder.swift */; };
		0F2C54492D5051680051AD13 /* SudokuPlayInteractor.swift in Sources */ = {isa = PBXBuildFile; fileRef = 0F2C54482D5051680051AD13 /* SudokuPlayInteractor.swift */; };
		0F2C544B2D5051750051AD13 /* SudokuPlayPresenter.swift in Sources */ = {isa = PBXBuildFile; fileRef = 0F2C544A2D5051750051AD13 /* SudokuPlayPresenter.swift */; };
		0F2C544D2D50518E0051AD13 /* SudokuPlayModel.swift in Sources */ = {isa = PBXBuildFile; fileRef = 0F2C544C2D50518E0051AD13 /* SudokuPlayModel.swift */; };
		0F2C544F2D5051A10051AD13 /* SudokuPlayBuilder.swift in Sources */ = {isa = PBXBuildFile; fileRef = 0F2C544E2D5051A10051AD13 /* SudokuPlayBuilder.swift */; };
		0F2C54512D5051E10051AD13 /* QueensPlayInteractor.swift in Sources */ = {isa = PBXBuildFile; fileRef = 0F2C54502D5051E10051AD13 /* QueensPlayInteractor.swift */; };
		0F2C54532D5051F00051AD13 /* QueensPlayPresenter.swift in Sources */ = {isa = PBXBuildFile; fileRef = 0F2C54522D5051F00051AD13 /* QueensPlayPresenter.swift */; };
		0F2C54552D5052030051AD13 /* QueensPlayModel.swift in Sources */ = {isa = PBXBuildFile; fileRef = 0F2C54542D5052030051AD13 /* QueensPlayModel.swift */; };
		0F2C54572D5052120051AD13 /* QueensPlayBuilder.swift in Sources */ = {isa = PBXBuildFile; fileRef = 0F2C54562D5052120051AD13 /* QueensPlayBuilder.swift */; };
		0F33AB282D847948004B9739 /* CrownsGenerator.swift in Sources */ = {isa = PBXBuildFile; fileRef = 0F33AB272D847948004B9739 /* CrownsGenerator.swift */; };
		0F33AB2A2D848566004B9739 /* CrownsPlaygroundCell.swift in Sources */ = {isa = PBXBuildFile; fileRef = 0F33AB292D848566004B9739 /* CrownsPlaygroundCell.swift */; };
		0F4349592D80C05F00333BB6 /* LoadingScreen.swift in Sources */ = {isa = PBXBuildFile; fileRef = 0F4349582D80C05F00333BB6 /* LoadingScreen.swift */; };
		0F43495C2D80D55100333BB6 /* SudokuGameOverViewController.swift in Sources */ = {isa = PBXBuildFile; fileRef = 0F43495B2D80D55100333BB6 /* SudokuGameOverViewController.swift */; };
		0F43495E2D80D5A800333BB6 /* SudokuGameOverInteractor.swift in Sources */ = {isa = PBXBuildFile; fileRef = 0F43495D2D80D5A800333BB6 /* SudokuGameOverInteractor.swift */; };
		0F4349602D80D5B200333BB6 /* SudokuGameOverPresenter.swift in Sources */ = {isa = PBXBuildFile; fileRef = 0F43495F2D80D5B200333BB6 /* SudokuGameOverPresenter.swift */; };
		0F4349622D80D5C000333BB6 /* SudokuGameOverModel.swift in Sources */ = {isa = PBXBuildFile; fileRef = 0F4349612D80D5C000333BB6 /* SudokuGameOverModel.swift */; };
		0F4349642D80D5CA00333BB6 /* SudokuGameOverBuilder.swift in Sources */ = {isa = PBXBuildFile; fileRef = 0F4349632D80D5CA00333BB6 /* SudokuGameOverBuilder.swift */; };
		0F5144342D7E59CE007CC179 /* SudokuCageOverlay.swift in Sources */ = {isa = PBXBuildFile; fileRef = 0F5144332D7E59CE007CC179 /* SudokuCageOverlay.swift */; };
		0F5F185E2D511BF700ED204B /* CrownsLearningInteractor.swift in Sources */ = {isa = PBXBuildFile; fileRef = 0F5F185D2D511BF700ED204B /* CrownsLearningInteractor.swift */; };
		0F5F18602D511C0200ED204B /* CrownsLearningPresenter.swift in Sources */ = {isa = PBXBuildFile; fileRef = 0F5F185F2D511C0200ED204B /* CrownsLearningPresenter.swift */; };
		0F5F18622D511CDD00ED204B /* CrownsLearningModel.swift in Sources */ = {isa = PBXBuildFile; fileRef = 0F5F18612D511CDD00ED204B /* CrownsLearningModel.swift */; };
		0F5F18642D511CEE00ED204B /* CrownsLearningBuilder.swift in Sources */ = {isa = PBXBuildFile; fileRef = 0F5F18632D511CEE00ED204B /* CrownsLearningBuilder.swift */; };
		0F5F18662D511D0900ED204B /* SudokuLearningInteractor.swift in Sources */ = {isa = PBXBuildFile; fileRef = 0F5F18652D511D0900ED204B /* SudokuLearningInteractor.swift */; };
		0F5F18682D511D3600ED204B /* SudokuLearningPresenter.swift in Sources */ = {isa = PBXBuildFile; fileRef = 0F5F18672D511D3600ED204B /* SudokuLearningPresenter.swift */; };
		0F5F186A2D511F2000ED204B /* SudokuLearningModel.swift in Sources */ = {isa = PBXBuildFile; fileRef = 0F5F18692D511F2000ED204B /* SudokuLearningModel.swift */; };
		0F5F186C2D511F3B00ED204B /* SudokuLearningBuilder.swift in Sources */ = {isa = PBXBuildFile; fileRef = 0F5F186B2D511F3B00ED204B /* SudokuLearningBuilder.swift */; };
		0F5F186E2D511F6000ED204B /* QueensLearningInteractor.swift in Sources */ = {isa = PBXBuildFile; fileRef = 0F5F186D2D511F6000ED204B /* QueensLearningInteractor.swift */; };
		0F5F18702D511F7200ED204B /* QueensLearningPresenter.swift in Sources */ = {isa = PBXBuildFile; fileRef = 0F5F186F2D511F7200ED204B /* QueensLearningPresenter.swift */; };
		0F5F18722D511F7C00ED204B /* QueensLearningModel.swift in Sources */ = {isa = PBXBuildFile; fileRef = 0F5F18712D511F7C00ED204B /* QueensLearningModel.swift */; };
		0F5F18742D511F8900ED204B /* QueensLearningBuilder.swift in Sources */ = {isa = PBXBuildFile; fileRef = 0F5F18732D511F8900ED204B /* QueensLearningBuilder.swift */; };
		0F5F18762D513E8600ED204B /* IrishGrover-Regular.ttf in Resources */ = {isa = PBXBuildFile; fileRef = 0F5F18752D513E8600ED204B /* IrishGrover-Regular.ttf */; };
		0F5F8C802D4177E2006A8164 /* AppDelegate.swift in Sources */ = {isa = PBXBuildFile; fileRef = 0F5F8C7F2D4177E2006A8164 /* AppDelegate.swift */; };
		0F5F8C822D4177E2006A8164 /* SceneDelegate.swift in Sources */ = {isa = PBXBuildFile; fileRef = 0F5F8C812D4177E2006A8164 /* SceneDelegate.swift */; };
		0F5F8C842D4177E2006A8164 /* HomeViewController.swift in Sources */ = {isa = PBXBuildFile; fileRef = 0F5F8C832D4177E2006A8164 /* HomeViewController.swift */; };
		0F5F8C892D4177E4006A8164 /* Assets.xcassets in Resources */ = {isa = PBXBuildFile; fileRef = 0F5F8C882D4177E4006A8164 /* Assets.xcassets */; };
		0F5F8C8C2D4177E4006A8164 /* LaunchScreen.storyboard in Resources */ = {isa = PBXBuildFile; fileRef = 0F5F8C8A2D4177E4006A8164 /* LaunchScreen.storyboard */; };
		0F5F8C972D4177E4006A8164 /* CrownsTests.swift in Sources */ = {isa = PBXBuildFile; fileRef = 0F5F8C962D4177E4006A8164 /* CrownsTests.swift */; };
		0F5F8CA12D4177E4006A8164 /* CrownsUITests.swift in Sources */ = {isa = PBXBuildFile; fileRef = 0F5F8CA02D4177E4006A8164 /* CrownsUITests.swift */; };
		0F5F8CA32D4177E4006A8164 /* CrownsUITestsLaunchTests.swift in Sources */ = {isa = PBXBuildFile; fileRef = 0F5F8CA22D4177E4006A8164 /* CrownsUITestsLaunchTests.swift */; };
		0F5F8CB02D417C6B006A8164 /* HomeModel.swift in Sources */ = {isa = PBXBuildFile; fileRef = 0F5F8CAF2D417C6B006A8164 /* HomeModel.swift */; };
		0F5F8CB22D417C8C006A8164 /* HomeInteractor.swift in Sources */ = {isa = PBXBuildFile; fileRef = 0F5F8CB12D417C8C006A8164 /* HomeInteractor.swift */; };
		0F5F8CB42D417C9C006A8164 /* HomePresenter.swift in Sources */ = {isa = PBXBuildFile; fileRef = 0F5F8CB32D417C9C006A8164 /* HomePresenter.swift */; };
		0F5F8CB72D418883006A8164 /* UIView+Pin.swift in Sources */ = {isa = PBXBuildFile; fileRef = 0F5F8CB62D418883006A8164 /* UIView+Pin.swift */; };
		0F5F8CBA2D418B14006A8164 /* UIView+Color.swift in Sources */ = {isa = PBXBuildFile; fileRef = 0F5F8CB92D418B14006A8164 /* UIView+Color.swift */; };
		0F5F8CBE2D41A865006A8164 /* GameSelector.swift in Sources */ = {isa = PBXBuildFile; fileRef = 0F5F8CBD2D41A865006A8164 /* GameSelector.swift */; };
		0F6AFADA2D677329007B8454 /* QueensSettingsViewController.swift in Sources */ = {isa = PBXBuildFile; fileRef = 0F6AFAD92D677329007B8454 /* QueensSettingsViewController.swift */; };
		0F6AFADC2D67733E007B8454 /* QueensSettingsInteractor.swift in Sources */ = {isa = PBXBuildFile; fileRef = 0F6AFADB2D67733E007B8454 /* QueensSettingsInteractor.swift */; };
		0F6AFADE2D67737E007B8454 /* QueensSettingsPresenter.swift in Sources */ = {isa = PBXBuildFile; fileRef = 0F6AFADD2D67737E007B8454 /* QueensSettingsPresenter.swift */; };
		0F6AFAE02D677388007B8454 /* QueensSettingsModel.swift in Sources */ = {isa = PBXBuildFile; fileRef = 0F6AFADF2D677388007B8454 /* QueensSettingsModel.swift */; };
		0F6AFAE22D677390007B8454 /* QueensSettingsBuilder.swift in Sources */ = {isa = PBXBuildFile; fileRef = 0F6AFAE12D677390007B8454 /* QueensSettingsBuilder.swift */; };
		0F6AFAE52D6779F1007B8454 /* SudokuSettingsViewController.swift in Sources */ = {isa = PBXBuildFile; fileRef = 0F6AFAE42D6779F0007B8454 /* SudokuSettingsViewController.swift */; };
		0F6AFAE72D677A01007B8454 /* SudokuSettingsInteractor.swift in Sources */ = {isa = PBXBuildFile; fileRef = 0F6AFAE62D677A01007B8454 /* SudokuSettingsInteractor.swift */; };
		0F6AFAE92D677A1A007B8454 /* SudokuSettingsPresenter.swift in Sources */ = {isa = PBXBuildFile; fileRef = 0F6AFAE82D677A1A007B8454 /* SudokuSettingsPresenter.swift */; };
		0F6AFAEB2D677A29007B8454 /* SudokuSettingsBuilder.swift in Sources */ = {isa = PBXBuildFile; fileRef = 0F6AFAEA2D677A29007B8454 /* SudokuSettingsBuilder.swift */; };
		0F6AFAED2D677A39007B8454 /* SudokuSettingsModel.swift in Sources */ = {isa = PBXBuildFile; fileRef = 0F6AFAEC2D677A39007B8454 /* SudokuSettingsModel.swift */; };
		0F6AFAF02D677D2A007B8454 /* CrownsSettingsViewController.swift in Sources */ = {isa = PBXBuildFile; fileRef = 0F6AFAEF2D677D2A007B8454 /* CrownsSettingsViewController.swift */; };
		0F6AFAF22D677D36007B8454 /* CrownsSettingsInteractor.swift in Sources */ = {isa = PBXBuildFile; fileRef = 0F6AFAF12D677D36007B8454 /* CrownsSettingsInteractor.swift */; };
		0F6AFAF42D677D3F007B8454 /* CrownsSettingsPresenter.swift in Sources */ = {isa = PBXBuildFile; fileRef = 0F6AFAF32D677D3F007B8454 /* CrownsSettingsPresenter.swift */; };
		0F6AFAF62D677D49007B8454 /* CrownsSettingsBuilder.swift in Sources */ = {isa = PBXBuildFile; fileRef = 0F6AFAF52D677D49007B8454 /* CrownsSettingsBuilder.swift */; };
		0F6AFAF82D677D51007B8454 /* CrownsSettingsModel.swift in Sources */ = {isa = PBXBuildFile; fileRef = 0F6AFAF72D677D51007B8454 /* CrownsSettingsModel.swift */; };
		0F6AFAFB2D67F817007B8454 /* CustomButton.swift in Sources */ = {isa = PBXBuildFile; fileRef = 0F6AFAFA2D67F817007B8454 /* CustomButton.swift */; };
		0F6AFAFD2D67F848007B8454 /* CustomText.swift in Sources */ = {isa = PBXBuildFile; fileRef = 0F6AFAFC2D67F848007B8454 /* CustomText.swift */; };
		0F6AFAFF2D67F869007B8454 /* BlinkingCat.swift in Sources */ = {isa = PBXBuildFile; fileRef = 0F6AFAFE2D67F869007B8454 /* BlinkingCat.swift */; };
		0F6AFB012D67F893007B8454 /* CustomNumberPicker.swift in Sources */ = {isa = PBXBuildFile; fileRef = 0F6AFB002D67F893007B8454 /* CustomNumberPicker.swift */; };
		0F6AFB032D67F8DC007B8454 /* TimePickerTextField.swift in Sources */ = {isa = PBXBuildFile; fileRef = 0F6AFB022D67F8DC007B8454 /* TimePickerTextField.swift */; };
		0F6AFB062D6C0BED007B8454 /* FSCalendar in Frameworks */ = {isa = PBXBuildFile; productRef = 0F6AFB052D6C0BED007B8454 /* FSCalendar */; };
		0F6AFB082D6C0C5C007B8454 /* CustomCalendar.swift in Sources */ = {isa = PBXBuildFile; fileRef = 0F6AFB072D6C0C5C007B8454 /* CustomCalendar.swift */; };
		0F6AFB0A2D6C1F69007B8454 /* README.md in Resources */ = {isa = PBXBuildFile; fileRef = 0F6AFB092D6C1F69007B8454 /* README.md */; };
		0F6AFB0D2D6C2214007B8454 /* home1.PNG in Resources */ = {isa = PBXBuildFile; fileRef = 0F6AFB0C2D6C2214007B8454 /* home1.PNG */; };
		0F6AFB0F2D6C221C007B8454 /* home2.PNG in Resources */ = {isa = PBXBuildFile; fileRef = 0F6AFB0E2D6C221C007B8454 /* home2.PNG */; };
		0F6AFB112D6C2223007B8454 /* home3.PNG in Resources */ = {isa = PBXBuildFile; fileRef = 0F6AFB102D6C2223007B8454 /* home3.PNG */; };
		0F6AFB132D6C2227007B8454 /* challenges1.gif in Resources */ = {isa = PBXBuildFile; fileRef = 0F6AFB122D6C2227007B8454 /* challenges1.gif */; };
		0F6AFB152D6C222F007B8454 /* settings1.PNG in Resources */ = {isa = PBXBuildFile; fileRef = 0F6AFB142D6C222F007B8454 /* settings1.PNG */; };
		0F6AFB172D6C2232007B8454 /* settings2.PNG in Resources */ = {isa = PBXBuildFile; fileRef = 0F6AFB162D6C2232007B8454 /* settings2.PNG */; };
		0F6AFB192D6C2236007B8454 /* settings3.PNG in Resources */ = {isa = PBXBuildFile; fileRef = 0F6AFB182D6C2236007B8454 /* settings3.PNG */; };
		0F6AFB1B2D6C2239007B8454 /* settings4.PNG in Resources */ = {isa = PBXBuildFile; fileRef = 0F6AFB1A2D6C2239007B8454 /* settings4.PNG */; };
		0F6AFB1D2D6C223D007B8454 /* settings5.PNG in Resources */ = {isa = PBXBuildFile; fileRef = 0F6AFB1C2D6C223D007B8454 /* settings5.PNG */; };
		0F7465372D76008A00959164 /* NameTextField.swift in Sources */ = {isa = PBXBuildFile; fileRef = 0F7465362D76008A00959164 /* NameTextField.swift */; };
		0F74653C2D7658B800959164 /* SettingsViewController.swift in Sources */ = {isa = PBXBuildFile; fileRef = 0F74653B2D7658B800959164 /* SettingsViewController.swift */; };
		0F74653E2D7658D500959164 /* SettingsInteractor.swift in Sources */ = {isa = PBXBuildFile; fileRef = 0F74653D2D7658D500959164 /* SettingsInteractor.swift */; };
		0F7465402D7658E200959164 /* SettingsPresenter.swift in Sources */ = {isa = PBXBuildFile; fileRef = 0F74653F2D7658E200959164 /* SettingsPresenter.swift */; };
		0F7465422D7658F500959164 /* SettingsModel.swift in Sources */ = {isa = PBXBuildFile; fileRef = 0F7465412D7658F500959164 /* SettingsModel.swift */; };
		0F7465442D76591400959164 /* SettingsBuilder.swift in Sources */ = {isa = PBXBuildFile; fileRef = 0F7465432D76591400959164 /* SettingsBuilder.swift */; };
		0F7465462D765BCB00959164 /* StatisticsViewController.swift in Sources */ = {isa = PBXBuildFile; fileRef = 0F7465452D765BCB00959164 /* StatisticsViewController.swift */; };
		0F7465482D765BD700959164 /* StatisticsInteractor.swift in Sources */ = {isa = PBXBuildFile; fileRef = 0F7465472D765BD700959164 /* StatisticsInteractor.swift */; };
		0F74654A2D765BE200959164 /* StatisticsPresenter.swift in Sources */ = {isa = PBXBuildFile; fileRef = 0F7465492D765BE200959164 /* StatisticsPresenter.swift */; };
		0F74654C2D765BED00959164 /* StatisticsModel.swift in Sources */ = {isa = PBXBuildFile; fileRef = 0F74654B2D765BED00959164 /* StatisticsModel.swift */; };
		0F74654E2D765BF600959164 /* StatisticsBuilder.swift in Sources */ = {isa = PBXBuildFile; fileRef = 0F74654D2D765BF600959164 /* StatisticsBuilder.swift */; };
		0F7465502D765CF300959164 /* DeveloperViewController.swift in Sources */ = {isa = PBXBuildFile; fileRef = 0F74654F2D765CF300959164 /* DeveloperViewController.swift */; };
		0F7465522D765D0200959164 /* DeveloperInteractor.swift in Sources */ = {isa = PBXBuildFile; fileRef = 0F7465512D765D0200959164 /* DeveloperInteractor.swift */; };
		0F7465542D765D1000959164 /* DeveloperPresenter.swift in Sources */ = {isa = PBXBuildFile; fileRef = 0F7465532D765D1000959164 /* DeveloperPresenter.swift */; };
		0F7465562D765D1900959164 /* DeveloperModel.swift in Sources */ = {isa = PBXBuildFile; fileRef = 0F7465552D765D1900959164 /* DeveloperModel.swift */; };
		0F7465582D765D2300959164 /* DeveloperBuilder.swift in Sources */ = {isa = PBXBuildFile; fileRef = 0F7465572D765D2300959164 /* DeveloperBuilder.swift */; };
		0F74655C2D773B0D00959164 /* SudokuPlaygroundCell.swift in Sources */ = {isa = PBXBuildFile; fileRef = 0F74655B2D773B0D00959164 /* SudokuPlaygroundCell.swift */; };
		0F768F902DAD654800743ABF /* ProfileDataManager.swift in Sources */ = {isa = PBXBuildFile; fileRef = 0F768F8F2DAD654800743ABF /* ProfileDataManager.swift */; };
		0F768F922DADA63D00743ABF /* CrownsProgressManager.swift in Sources */ = {isa = PBXBuildFile; fileRef = 0F768F912DADA63D00743ABF /* CrownsProgressManager.swift */; };
		0F768F9B2DAFDCAE00743ABF /* GameModel.xcdatamodeld in Sources */ = {isa = PBXBuildFile; fileRef = 0F768F992DAFDCAE00743ABF /* GameModel.xcdatamodeld */; };
		0F768F9D2DAFDE7600743ABF /* CoreDataManager.swift in Sources */ = {isa = PBXBuildFile; fileRef = 0F768F9C2DAFDE7600743ABF /* CoreDataManager.swift */; };
		0F768F9F2DAFF31900743ABF /* UnfinishedCrownsViewController.swift in Sources */ = {isa = PBXBuildFile; fileRef = 0F768F9E2DAFF31900743ABF /* UnfinishedCrownsViewController.swift */; };
		0F768FA22DAFFD4E00743ABF /* UnfinishedCrownsInteractor.swift in Sources */ = {isa = PBXBuildFile; fileRef = 0F768FA12DAFFD4E00743ABF /* UnfinishedCrownsInteractor.swift */; };
		0F768FA42DAFFD5C00743ABF /* UnfinishedCrownsPresenter.swift in Sources */ = {isa = PBXBuildFile; fileRef = 0F768FA32DAFFD5C00743ABF /* UnfinishedCrownsPresenter.swift */; };
		0F768FA62DAFFD6B00743ABF /* UnfinishedCrownsModel.swift in Sources */ = {isa = PBXBuildFile; fileRef = 0F768FA52DAFFD6B00743ABF /* UnfinishedCrownsModel.swift */; };
		0F768FA82DAFFD7600743ABF /* UnfinishedCrownsBuilder.swift in Sources */ = {isa = PBXBuildFile; fileRef = 0F768FA72DAFFD7600743ABF /* UnfinishedCrownsBuilder.swift */; };
		0F89CBCC2DB67FA00062E0BF /* CrownsStatisticManager.swift in Sources */ = {isa = PBXBuildFile; fileRef = 0F89CBCB2DB67F9F0062E0BF /* CrownsStatisticManager.swift */; };
		0F89CBCE2DB69EDE0062E0BF /* SudokuStatisticManager.swift in Sources */ = {isa = PBXBuildFile; fileRef = 0F89CBCD2DB69EDE0062E0BF /* SudokuStatisticManager.swift */; };
		0F8EED972D788FEC00F60BFA /* KillerSudokuGenerator.swift in Sources */ = {isa = PBXBuildFile; fileRef = 0F8EED962D788FEC00F60BFA /* KillerSudokuGenerator.swift */; };
		0F9BA3002DA1638500C2ACFD /* CrownsGameOverViewController.swift in Sources */ = {isa = PBXBuildFile; fileRef = 0F9BA2FF2DA1638500C2ACFD /* CrownsGameOverViewController.swift */; };
		0F9BA3022DA1639000C2ACFD /* CrownsGameOverInteractor.swift in Sources */ = {isa = PBXBuildFile; fileRef = 0F9BA3012DA1639000C2ACFD /* CrownsGameOverInteractor.swift */; };
		0F9BA3042DA1639A00C2ACFD /* CrownsGameOverPresenter.swift in Sources */ = {isa = PBXBuildFile; fileRef = 0F9BA3032DA1639A00C2ACFD /* CrownsGameOverPresenter.swift */; };
		0F9BA3062DA163A400C2ACFD /* CrownsGameOverModel.swift in Sources */ = {isa = PBXBuildFile; fileRef = 0F9BA3052DA163A400C2ACFD /* CrownsGameOverModel.swift */; };
		0F9BA3082DA163CE00C2ACFD /* CrownsGameOverBuilder.swift in Sources */ = {isa = PBXBuildFile; fileRef = 0F9BA3072DA163CE00C2ACFD /* CrownsGameOverBuilder.swift */; };
/* End PBXBuildFile section */

/* Begin PBXContainerItemProxy section */
		0F5F8C932D4177E4006A8164 /* PBXContainerItemProxy */ = {
			isa = PBXContainerItemProxy;
			containerPortal = 0F5F8C742D4177E2006A8164 /* Project object */;
			proxyType = 1;
			remoteGlobalIDString = 0F5F8C7B2D4177E2006A8164;
			remoteInfo = Crowns;
		};
		0F5F8C9D2D4177E4006A8164 /* PBXContainerItemProxy */ = {
			isa = PBXContainerItemProxy;
			containerPortal = 0F5F8C742D4177E2006A8164 /* Project object */;
			proxyType = 1;
			remoteGlobalIDString = 0F5F8C7B2D4177E2006A8164;
			remoteInfo = Crowns;
		};
/* End PBXContainerItemProxy section */

/* Begin PBXFileReference section */
		0F1A78D92D4837C500DAA4F0 /* HomeBuilder.swift */ = {isa = PBXFileReference; lastKnownFileType = sourcecode.swift; path = HomeBuilder.swift; sourceTree = "<group>"; };
		0F1A78DD2D48425300DAA4F0 /* ChallengeViewController.swift */ = {isa = PBXFileReference; lastKnownFileType = sourcecode.swift; path = ChallengeViewController.swift; sourceTree = "<group>"; };
		0F1A78DF2D4842AD00DAA4F0 /* ChallengeInteractor.swift */ = {isa = PBXFileReference; lastKnownFileType = sourcecode.swift; path = ChallengeInteractor.swift; sourceTree = "<group>"; };
		0F1A78E12D4842BD00DAA4F0 /* ChallengePresenter.swift */ = {isa = PBXFileReference; lastKnownFileType = sourcecode.swift; path = ChallengePresenter.swift; sourceTree = "<group>"; };
		0F1A78E32D4842CD00DAA4F0 /* ChallengeModel.swift */ = {isa = PBXFileReference; lastKnownFileType = sourcecode.swift; path = ChallengeModel.swift; sourceTree = "<group>"; };
		0F1A78E52D4842E500DAA4F0 /* ChallengeBuilder.swift */ = {isa = PBXFileReference; lastKnownFileType = sourcecode.swift; path = ChallengeBuilder.swift; sourceTree = "<group>"; };
		0F1A78EA2D48577200DAA4F0 /* ProfileViewController.swift */ = {isa = PBXFileReference; lastKnownFileType = sourcecode.swift; path = ProfileViewController.swift; sourceTree = "<group>"; };
		0F1A78EC2D48577F00DAA4F0 /* ProfileInteractor.swift */ = {isa = PBXFileReference; lastKnownFileType = sourcecode.swift; path = ProfileInteractor.swift; sourceTree = "<group>"; };
		0F1A78EE2D48579A00DAA4F0 /* ProfilePresenter.swift */ = {isa = PBXFileReference; lastKnownFileType = sourcecode.swift; path = ProfilePresenter.swift; sourceTree = "<group>"; };
		0F1A78F02D4857AA00DAA4F0 /* ProfileModel.swift */ = {isa = PBXFileReference; lastKnownFileType = sourcecode.swift; path = ProfileModel.swift; sourceTree = "<group>"; };
		0F1A78F22D4857BF00DAA4F0 /* ProfileBuilder.swift */ = {isa = PBXFileReference; lastKnownFileType = sourcecode.swift; path = ProfileBuilder.swift; sourceTree = "<group>"; };
		0F2C541D2D492EFD0051AD13 /* MainTabBarController.swift */ = {isa = PBXFileReference; lastKnownFileType = sourcecode.swift; path = MainTabBarController.swift; sourceTree = "<group>"; };
		0F2C54222D4EEADC0051AD13 /* CrownsLearningViewController.swift */ = {isa = PBXFileReference; lastKnownFileType = sourcecode.swift; path = CrownsLearningViewController.swift; sourceTree = "<group>"; };
		0F2C54262D4EF4600051AD13 /* SudokuLearningViewController.swift */ = {isa = PBXFileReference; lastKnownFileType = sourcecode.swift; path = SudokuLearningViewController.swift; sourceTree = "<group>"; };
		0F2C54282D4EF4710051AD13 /* QueensLearningViewController.swift */ = {isa = PBXFileReference; lastKnownFileType = sourcecode.swift; path = QueensLearningViewController.swift; sourceTree = "<group>"; };
		0F2C543A2D50224B0051AD13 /* SudokuPlayViewController.swift */ = {isa = PBXFileReference; lastKnownFileType = sourcecode.swift; path = SudokuPlayViewController.swift; sourceTree = "<group>"; };
		0F2C543C2D50230F0051AD13 /* CrownsPlayViewController.swift */ = {isa = PBXFileReference; lastKnownFileType = sourcecode.swift; path = CrownsPlayViewController.swift; sourceTree = "<group>"; };
		0F2C543E2D50236C0051AD13 /* QueensPlayViewController.swift */ = {isa = PBXFileReference; lastKnownFileType = sourcecode.swift; path = QueensPlayViewController.swift; sourceTree = "<group>"; };
		0F2C54402D50511D0051AD13 /* CrownsPlayInteractor.swift */ = {isa = PBXFileReference; lastKnownFileType = sourcecode.swift; path = CrownsPlayInteractor.swift; sourceTree = "<group>"; };
		0F2C54422D50512C0051AD13 /* CrownsPlayPresenter.swift */ = {isa = PBXFileReference; lastKnownFileType = sourcecode.swift; path = CrownsPlayPresenter.swift; sourceTree = "<group>"; };
		0F2C54442D50513A0051AD13 /* CrownsPlayModel.swift */ = {isa = PBXFileReference; lastKnownFileType = sourcecode.swift; path = CrownsPlayModel.swift; sourceTree = "<group>"; };
		0F2C54462D50514D0051AD13 /* CrownsPlayBuilder.swift */ = {isa = PBXFileReference; lastKnownFileType = sourcecode.swift; path = CrownsPlayBuilder.swift; sourceTree = "<group>"; };
		0F2C54482D5051680051AD13 /* SudokuPlayInteractor.swift */ = {isa = PBXFileReference; lastKnownFileType = sourcecode.swift; path = SudokuPlayInteractor.swift; sourceTree = "<group>"; };
		0F2C544A2D5051750051AD13 /* SudokuPlayPresenter.swift */ = {isa = PBXFileReference; lastKnownFileType = sourcecode.swift; path = SudokuPlayPresenter.swift; sourceTree = "<group>"; };
		0F2C544C2D50518E0051AD13 /* SudokuPlayModel.swift */ = {isa = PBXFileReference; lastKnownFileType = sourcecode.swift; path = SudokuPlayModel.swift; sourceTree = "<group>"; };
		0F2C544E2D5051A10051AD13 /* SudokuPlayBuilder.swift */ = {isa = PBXFileReference; lastKnownFileType = sourcecode.swift; path = SudokuPlayBuilder.swift; sourceTree = "<group>"; };
		0F2C54502D5051E10051AD13 /* QueensPlayInteractor.swift */ = {isa = PBXFileReference; lastKnownFileType = sourcecode.swift; path = QueensPlayInteractor.swift; sourceTree = "<group>"; };
		0F2C54522D5051F00051AD13 /* QueensPlayPresenter.swift */ = {isa = PBXFileReference; lastKnownFileType = sourcecode.swift; path = QueensPlayPresenter.swift; sourceTree = "<group>"; };
		0F2C54542D5052030051AD13 /* QueensPlayModel.swift */ = {isa = PBXFileReference; lastKnownFileType = sourcecode.swift; path = QueensPlayModel.swift; sourceTree = "<group>"; };
		0F2C54562D5052120051AD13 /* QueensPlayBuilder.swift */ = {isa = PBXFileReference; lastKnownFileType = sourcecode.swift; path = QueensPlayBuilder.swift; sourceTree = "<group>"; };
		0F33AB272D847948004B9739 /* CrownsGenerator.swift */ = {isa = PBXFileReference; lastKnownFileType = sourcecode.swift; path = CrownsGenerator.swift; sourceTree = "<group>"; };
		0F33AB292D848566004B9739 /* CrownsPlaygroundCell.swift */ = {isa = PBXFileReference; lastKnownFileType = sourcecode.swift; path = CrownsPlaygroundCell.swift; sourceTree = "<group>"; };
		0F4349582D80C05F00333BB6 /* LoadingScreen.swift */ = {isa = PBXFileReference; lastKnownFileType = sourcecode.swift; path = LoadingScreen.swift; sourceTree = "<group>"; };
		0F43495B2D80D55100333BB6 /* SudokuGameOverViewController.swift */ = {isa = PBXFileReference; lastKnownFileType = sourcecode.swift; path = SudokuGameOverViewController.swift; sourceTree = "<group>"; };
		0F43495D2D80D5A800333BB6 /* SudokuGameOverInteractor.swift */ = {isa = PBXFileReference; lastKnownFileType = sourcecode.swift; path = SudokuGameOverInteractor.swift; sourceTree = "<group>"; };
		0F43495F2D80D5B200333BB6 /* SudokuGameOverPresenter.swift */ = {isa = PBXFileReference; lastKnownFileType = sourcecode.swift; path = SudokuGameOverPresenter.swift; sourceTree = "<group>"; };
		0F4349612D80D5C000333BB6 /* SudokuGameOverModel.swift */ = {isa = PBXFileReference; lastKnownFileType = sourcecode.swift; path = SudokuGameOverModel.swift; sourceTree = "<group>"; };
		0F4349632D80D5CA00333BB6 /* SudokuGameOverBuilder.swift */ = {isa = PBXFileReference; lastKnownFileType = sourcecode.swift; path = SudokuGameOverBuilder.swift; sourceTree = "<group>"; };
		0F5144332D7E59CE007CC179 /* SudokuCageOverlay.swift */ = {isa = PBXFileReference; lastKnownFileType = sourcecode.swift; path = SudokuCageOverlay.swift; sourceTree = "<group>"; };
		0F5F185D2D511BF700ED204B /* CrownsLearningInteractor.swift */ = {isa = PBXFileReference; lastKnownFileType = sourcecode.swift; path = CrownsLearningInteractor.swift; sourceTree = "<group>"; };
		0F5F185F2D511C0200ED204B /* CrownsLearningPresenter.swift */ = {isa = PBXFileReference; lastKnownFileType = sourcecode.swift; path = CrownsLearningPresenter.swift; sourceTree = "<group>"; };
		0F5F18612D511CDD00ED204B /* CrownsLearningModel.swift */ = {isa = PBXFileReference; lastKnownFileType = sourcecode.swift; path = CrownsLearningModel.swift; sourceTree = "<group>"; };
		0F5F18632D511CEE00ED204B /* CrownsLearningBuilder.swift */ = {isa = PBXFileReference; lastKnownFileType = sourcecode.swift; path = CrownsLearningBuilder.swift; sourceTree = "<group>"; };
		0F5F18652D511D0900ED204B /* SudokuLearningInteractor.swift */ = {isa = PBXFileReference; lastKnownFileType = sourcecode.swift; path = SudokuLearningInteractor.swift; sourceTree = "<group>"; };
		0F5F18672D511D3600ED204B /* SudokuLearningPresenter.swift */ = {isa = PBXFileReference; lastKnownFileType = sourcecode.swift; path = SudokuLearningPresenter.swift; sourceTree = "<group>"; };
		0F5F18692D511F2000ED204B /* SudokuLearningModel.swift */ = {isa = PBXFileReference; lastKnownFileType = sourcecode.swift; path = SudokuLearningModel.swift; sourceTree = "<group>"; };
		0F5F186B2D511F3B00ED204B /* SudokuLearningBuilder.swift */ = {isa = PBXFileReference; lastKnownFileType = sourcecode.swift; path = SudokuLearningBuilder.swift; sourceTree = "<group>"; };
		0F5F186D2D511F6000ED204B /* QueensLearningInteractor.swift */ = {isa = PBXFileReference; lastKnownFileType = sourcecode.swift; path = QueensLearningInteractor.swift; sourceTree = "<group>"; };
		0F5F186F2D511F7200ED204B /* QueensLearningPresenter.swift */ = {isa = PBXFileReference; lastKnownFileType = sourcecode.swift; path = QueensLearningPresenter.swift; sourceTree = "<group>"; };
		0F5F18712D511F7C00ED204B /* QueensLearningModel.swift */ = {isa = PBXFileReference; lastKnownFileType = sourcecode.swift; path = QueensLearningModel.swift; sourceTree = "<group>"; };
		0F5F18732D511F8900ED204B /* QueensLearningBuilder.swift */ = {isa = PBXFileReference; lastKnownFileType = sourcecode.swift; path = QueensLearningBuilder.swift; sourceTree = "<group>"; };
		0F5F18752D513E8600ED204B /* IrishGrover-Regular.ttf */ = {isa = PBXFileReference; lastKnownFileType = file; path = "IrishGrover-Regular.ttf"; sourceTree = "<group>"; };
		0F5F8C7C2D4177E2006A8164 /* Crowns.app */ = {isa = PBXFileReference; explicitFileType = wrapper.application; includeInIndex = 0; path = Crowns.app; sourceTree = BUILT_PRODUCTS_DIR; };
		0F5F8C7F2D4177E2006A8164 /* AppDelegate.swift */ = {isa = PBXFileReference; lastKnownFileType = sourcecode.swift; path = AppDelegate.swift; sourceTree = "<group>"; };
		0F5F8C812D4177E2006A8164 /* SceneDelegate.swift */ = {isa = PBXFileReference; lastKnownFileType = sourcecode.swift; path = SceneDelegate.swift; sourceTree = "<group>"; };
		0F5F8C832D4177E2006A8164 /* HomeViewController.swift */ = {isa = PBXFileReference; lastKnownFileType = sourcecode.swift; path = HomeViewController.swift; sourceTree = "<group>"; };
		0F5F8C882D4177E4006A8164 /* Assets.xcassets */ = {isa = PBXFileReference; lastKnownFileType = folder.assetcatalog; path = Assets.xcassets; sourceTree = "<group>"; };
		0F5F8C8B2D4177E4006A8164 /* Base */ = {isa = PBXFileReference; lastKnownFileType = file.storyboard; name = Base; path = Base.lproj/LaunchScreen.storyboard; sourceTree = "<group>"; };
		0F5F8C8D2D4177E4006A8164 /* Info.plist */ = {isa = PBXFileReference; lastKnownFileType = text.plist.xml; path = Info.plist; sourceTree = "<group>"; };
		0F5F8C922D4177E4006A8164 /* CrownsTests.xctest */ = {isa = PBXFileReference; explicitFileType = wrapper.cfbundle; includeInIndex = 0; path = CrownsTests.xctest; sourceTree = BUILT_PRODUCTS_DIR; };
		0F5F8C962D4177E4006A8164 /* CrownsTests.swift */ = {isa = PBXFileReference; lastKnownFileType = sourcecode.swift; path = CrownsTests.swift; sourceTree = "<group>"; };
		0F5F8C9C2D4177E4006A8164 /* CrownsUITests.xctest */ = {isa = PBXFileReference; explicitFileType = wrapper.cfbundle; includeInIndex = 0; path = CrownsUITests.xctest; sourceTree = BUILT_PRODUCTS_DIR; };
		0F5F8CA02D4177E4006A8164 /* CrownsUITests.swift */ = {isa = PBXFileReference; lastKnownFileType = sourcecode.swift; path = CrownsUITests.swift; sourceTree = "<group>"; };
		0F5F8CA22D4177E4006A8164 /* CrownsUITestsLaunchTests.swift */ = {isa = PBXFileReference; lastKnownFileType = sourcecode.swift; path = CrownsUITestsLaunchTests.swift; sourceTree = "<group>"; };
		0F5F8CAF2D417C6B006A8164 /* HomeModel.swift */ = {isa = PBXFileReference; lastKnownFileType = sourcecode.swift; path = HomeModel.swift; sourceTree = "<group>"; };
		0F5F8CB12D417C8C006A8164 /* HomeInteractor.swift */ = {isa = PBXFileReference; lastKnownFileType = sourcecode.swift; path = HomeInteractor.swift; sourceTree = "<group>"; };
		0F5F8CB32D417C9C006A8164 /* HomePresenter.swift */ = {isa = PBXFileReference; lastKnownFileType = sourcecode.swift; path = HomePresenter.swift; sourceTree = "<group>"; };
		0F5F8CB62D418883006A8164 /* UIView+Pin.swift */ = {isa = PBXFileReference; lastKnownFileType = sourcecode.swift; path = "UIView+Pin.swift"; sourceTree = "<group>"; };
		0F5F8CB92D418B14006A8164 /* UIView+Color.swift */ = {isa = PBXFileReference; lastKnownFileType = sourcecode.swift; path = "UIView+Color.swift"; sourceTree = "<group>"; };
		0F5F8CBB2D41A7DE006A8164 /* Constants.swift */ = {isa = PBXFileReference; lastKnownFileType = sourcecode.swift; path = Constants.swift; sourceTree = "<group>"; };
		0F5F8CBD2D41A865006A8164 /* GameSelector.swift */ = {isa = PBXFileReference; lastKnownFileType = sourcecode.swift; path = GameSelector.swift; sourceTree = "<group>"; };
		0F6AFAD92D677329007B8454 /* QueensSettingsViewController.swift */ = {isa = PBXFileReference; lastKnownFileType = sourcecode.swift; path = QueensSettingsViewController.swift; sourceTree = "<group>"; };
		0F6AFADB2D67733E007B8454 /* QueensSettingsInteractor.swift */ = {isa = PBXFileReference; lastKnownFileType = sourcecode.swift; path = QueensSettingsInteractor.swift; sourceTree = "<group>"; };
		0F6AFADD2D67737E007B8454 /* QueensSettingsPresenter.swift */ = {isa = PBXFileReference; lastKnownFileType = sourcecode.swift; path = QueensSettingsPresenter.swift; sourceTree = "<group>"; };
		0F6AFADF2D677388007B8454 /* QueensSettingsModel.swift */ = {isa = PBXFileReference; lastKnownFileType = sourcecode.swift; path = QueensSettingsModel.swift; sourceTree = "<group>"; };
		0F6AFAE12D677390007B8454 /* QueensSettingsBuilder.swift */ = {isa = PBXFileReference; lastKnownFileType = sourcecode.swift; path = QueensSettingsBuilder.swift; sourceTree = "<group>"; };
		0F6AFAE42D6779F0007B8454 /* SudokuSettingsViewController.swift */ = {isa = PBXFileReference; lastKnownFileType = sourcecode.swift; path = SudokuSettingsViewController.swift; sourceTree = "<group>"; };
		0F6AFAE62D677A01007B8454 /* SudokuSettingsInteractor.swift */ = {isa = PBXFileReference; lastKnownFileType = sourcecode.swift; path = SudokuSettingsInteractor.swift; sourceTree = "<group>"; };
		0F6AFAE82D677A1A007B8454 /* SudokuSettingsPresenter.swift */ = {isa = PBXFileReference; lastKnownFileType = sourcecode.swift; path = SudokuSettingsPresenter.swift; sourceTree = "<group>"; };
		0F6AFAEA2D677A29007B8454 /* SudokuSettingsBuilder.swift */ = {isa = PBXFileReference; lastKnownFileType = sourcecode.swift; path = SudokuSettingsBuilder.swift; sourceTree = "<group>"; };
		0F6AFAEC2D677A39007B8454 /* SudokuSettingsModel.swift */ = {isa = PBXFileReference; lastKnownFileType = sourcecode.swift; path = SudokuSettingsModel.swift; sourceTree = "<group>"; };
		0F6AFAEF2D677D2A007B8454 /* CrownsSettingsViewController.swift */ = {isa = PBXFileReference; lastKnownFileType = sourcecode.swift; path = CrownsSettingsViewController.swift; sourceTree = "<group>"; };
		0F6AFAF12D677D36007B8454 /* CrownsSettingsInteractor.swift */ = {isa = PBXFileReference; lastKnownFileType = sourcecode.swift; path = CrownsSettingsInteractor.swift; sourceTree = "<group>"; };
		0F6AFAF32D677D3F007B8454 /* CrownsSettingsPresenter.swift */ = {isa = PBXFileReference; lastKnownFileType = sourcecode.swift; path = CrownsSettingsPresenter.swift; sourceTree = "<group>"; };
		0F6AFAF52D677D49007B8454 /* CrownsSettingsBuilder.swift */ = {isa = PBXFileReference; lastKnownFileType = sourcecode.swift; path = CrownsSettingsBuilder.swift; sourceTree = "<group>"; };
		0F6AFAF72D677D51007B8454 /* CrownsSettingsModel.swift */ = {isa = PBXFileReference; lastKnownFileType = sourcecode.swift; path = CrownsSettingsModel.swift; sourceTree = "<group>"; };
		0F6AFAFA2D67F817007B8454 /* CustomButton.swift */ = {isa = PBXFileReference; lastKnownFileType = sourcecode.swift; path = CustomButton.swift; sourceTree = "<group>"; };
		0F6AFAFC2D67F848007B8454 /* CustomText.swift */ = {isa = PBXFileReference; lastKnownFileType = sourcecode.swift; path = CustomText.swift; sourceTree = "<group>"; };
		0F6AFAFE2D67F869007B8454 /* BlinkingCat.swift */ = {isa = PBXFileReference; lastKnownFileType = sourcecode.swift; path = BlinkingCat.swift; sourceTree = "<group>"; };
		0F6AFB002D67F893007B8454 /* CustomNumberPicker.swift */ = {isa = PBXFileReference; lastKnownFileType = sourcecode.swift; path = CustomNumberPicker.swift; sourceTree = "<group>"; };
		0F6AFB022D67F8DC007B8454 /* TimePickerTextField.swift */ = {isa = PBXFileReference; lastKnownFileType = sourcecode.swift; path = TimePickerTextField.swift; sourceTree = "<group>"; };
		0F6AFB072D6C0C5C007B8454 /* CustomCalendar.swift */ = {isa = PBXFileReference; lastKnownFileType = sourcecode.swift; path = CustomCalendar.swift; sourceTree = "<group>"; };
		0F6AFB092D6C1F69007B8454 /* README.md */ = {isa = PBXFileReference; lastKnownFileType = net.daringfireball.markdown; path = README.md; sourceTree = "<group>"; };
		0F6AFB0C2D6C2214007B8454 /* home1.PNG */ = {isa = PBXFileReference; lastKnownFileType = image.png; path = home1.PNG; sourceTree = "<group>"; };
		0F6AFB0E2D6C221C007B8454 /* home2.PNG */ = {isa = PBXFileReference; lastKnownFileType = image.png; path = home2.PNG; sourceTree = "<group>"; };
		0F6AFB102D6C2223007B8454 /* home3.PNG */ = {isa = PBXFileReference; lastKnownFileType = image.png; path = home3.PNG; sourceTree = "<group>"; };
		0F6AFB122D6C2227007B8454 /* challenges1.gif */ = {isa = PBXFileReference; lastKnownFileType = image.gif; path = challenges1.gif; sourceTree = "<group>"; };
		0F6AFB142D6C222F007B8454 /* settings1.PNG */ = {isa = PBXFileReference; lastKnownFileType = image.png; path = settings1.PNG; sourceTree = "<group>"; };
		0F6AFB162D6C2232007B8454 /* settings2.PNG */ = {isa = PBXFileReference; lastKnownFileType = image.png; path = settings2.PNG; sourceTree = "<group>"; };
		0F6AFB182D6C2236007B8454 /* settings3.PNG */ = {isa = PBXFileReference; lastKnownFileType = image.png; path = settings3.PNG; sourceTree = "<group>"; };
		0F6AFB1A2D6C2239007B8454 /* settings4.PNG */ = {isa = PBXFileReference; lastKnownFileType = image.png; path = settings4.PNG; sourceTree = "<group>"; };
		0F6AFB1C2D6C223D007B8454 /* settings5.PNG */ = {isa = PBXFileReference; lastKnownFileType = image.png; path = settings5.PNG; sourceTree = "<group>"; };
		0F7465362D76008A00959164 /* NameTextField.swift */ = {isa = PBXFileReference; lastKnownFileType = sourcecode.swift; path = NameTextField.swift; sourceTree = "<group>"; };
		0F74653B2D7658B800959164 /* SettingsViewController.swift */ = {isa = PBXFileReference; lastKnownFileType = sourcecode.swift; path = SettingsViewController.swift; sourceTree = "<group>"; };
		0F74653D2D7658D500959164 /* SettingsInteractor.swift */ = {isa = PBXFileReference; lastKnownFileType = sourcecode.swift; path = SettingsInteractor.swift; sourceTree = "<group>"; };
		0F74653F2D7658E200959164 /* SettingsPresenter.swift */ = {isa = PBXFileReference; lastKnownFileType = sourcecode.swift; path = SettingsPresenter.swift; sourceTree = "<group>"; };
		0F7465412D7658F500959164 /* SettingsModel.swift */ = {isa = PBXFileReference; lastKnownFileType = sourcecode.swift; path = SettingsModel.swift; sourceTree = "<group>"; };
		0F7465432D76591400959164 /* SettingsBuilder.swift */ = {isa = PBXFileReference; lastKnownFileType = sourcecode.swift; path = SettingsBuilder.swift; sourceTree = "<group>"; };
		0F7465452D765BCB00959164 /* StatisticsViewController.swift */ = {isa = PBXFileReference; lastKnownFileType = sourcecode.swift; path = StatisticsViewController.swift; sourceTree = "<group>"; };
		0F7465472D765BD700959164 /* StatisticsInteractor.swift */ = {isa = PBXFileReference; lastKnownFileType = sourcecode.swift; path = StatisticsInteractor.swift; sourceTree = "<group>"; };
		0F7465492D765BE200959164 /* StatisticsPresenter.swift */ = {isa = PBXFileReference; lastKnownFileType = sourcecode.swift; path = StatisticsPresenter.swift; sourceTree = "<group>"; };
		0F74654B2D765BED00959164 /* StatisticsModel.swift */ = {isa = PBXFileReference; lastKnownFileType = sourcecode.swift; path = StatisticsModel.swift; sourceTree = "<group>"; };
		0F74654D2D765BF600959164 /* StatisticsBuilder.swift */ = {isa = PBXFileReference; lastKnownFileType = sourcecode.swift; path = StatisticsBuilder.swift; sourceTree = "<group>"; };
		0F74654F2D765CF300959164 /* DeveloperViewController.swift */ = {isa = PBXFileReference; lastKnownFileType = sourcecode.swift; path = DeveloperViewController.swift; sourceTree = "<group>"; };
		0F7465512D765D0200959164 /* DeveloperInteractor.swift */ = {isa = PBXFileReference; lastKnownFileType = sourcecode.swift; path = DeveloperInteractor.swift; sourceTree = "<group>"; };
		0F7465532D765D1000959164 /* DeveloperPresenter.swift */ = {isa = PBXFileReference; lastKnownFileType = sourcecode.swift; path = DeveloperPresenter.swift; sourceTree = "<group>"; };
		0F7465552D765D1900959164 /* DeveloperModel.swift */ = {isa = PBXFileReference; lastKnownFileType = sourcecode.swift; path = DeveloperModel.swift; sourceTree = "<group>"; };
		0F7465572D765D2300959164 /* DeveloperBuilder.swift */ = {isa = PBXFileReference; lastKnownFileType = sourcecode.swift; path = DeveloperBuilder.swift; sourceTree = "<group>"; };
		0F74655B2D773B0D00959164 /* SudokuPlaygroundCell.swift */ = {isa = PBXFileReference; lastKnownFileType = sourcecode.swift; path = SudokuPlaygroundCell.swift; sourceTree = "<group>"; };
		0F768F8F2DAD654800743ABF /* ProfileDataManager.swift */ = {isa = PBXFileReference; lastKnownFileType = sourcecode.swift; path = ProfileDataManager.swift; sourceTree = "<group>"; };
		0F768F912DADA63D00743ABF /* CrownsProgressManager.swift */ = {isa = PBXFileReference; lastKnownFileType = sourcecode.swift; path = CrownsProgressManager.swift; sourceTree = "<group>"; };
		0F768F9A2DAFDCAE00743ABF /* GameModel.xcdatamodel */ = {isa = PBXFileReference; lastKnownFileType = wrapper.xcdatamodel; path = GameModel.xcdatamodel; sourceTree = "<group>"; };
		0F768F9C2DAFDE7600743ABF /* CoreDataManager.swift */ = {isa = PBXFileReference; lastKnownFileType = sourcecode.swift; path = CoreDataManager.swift; sourceTree = "<group>"; };
		0F768F9E2DAFF31900743ABF /* UnfinishedCrownsViewController.swift */ = {isa = PBXFileReference; lastKnownFileType = sourcecode.swift; path = UnfinishedCrownsViewController.swift; sourceTree = "<group>"; };
		0F768FA12DAFFD4E00743ABF /* UnfinishedCrownsInteractor.swift */ = {isa = PBXFileReference; lastKnownFileType = sourcecode.swift; path = UnfinishedCrownsInteractor.swift; sourceTree = "<group>"; };
		0F768FA32DAFFD5C00743ABF /* UnfinishedCrownsPresenter.swift */ = {isa = PBXFileReference; lastKnownFileType = sourcecode.swift; path = UnfinishedCrownsPresenter.swift; sourceTree = "<group>"; };
		0F768FA52DAFFD6B00743ABF /* UnfinishedCrownsModel.swift */ = {isa = PBXFileReference; lastKnownFileType = sourcecode.swift; path = UnfinishedCrownsModel.swift; sourceTree = "<group>"; };
		0F768FA72DAFFD7600743ABF /* UnfinishedCrownsBuilder.swift */ = {isa = PBXFileReference; lastKnownFileType = sourcecode.swift; path = UnfinishedCrownsBuilder.swift; sourceTree = "<group>"; };
		0F89CBCB2DB67F9F0062E0BF /* CrownsStatisticManager.swift */ = {isa = PBXFileReference; lastKnownFileType = sourcecode.swift; path = CrownsStatisticManager.swift; sourceTree = "<group>"; };
		0F89CBCD2DB69EDE0062E0BF /* SudokuStatisticManager.swift */ = {isa = PBXFileReference; lastKnownFileType = sourcecode.swift; path = SudokuStatisticManager.swift; sourceTree = "<group>"; };
		0F8EED962D788FEC00F60BFA /* KillerSudokuGenerator.swift */ = {isa = PBXFileReference; lastKnownFileType = sourcecode.swift; path = KillerSudokuGenerator.swift; sourceTree = "<group>"; };
		0F9BA2FF2DA1638500C2ACFD /* CrownsGameOverViewController.swift */ = {isa = PBXFileReference; lastKnownFileType = sourcecode.swift; path = CrownsGameOverViewController.swift; sourceTree = "<group>"; };
		0F9BA3012DA1639000C2ACFD /* CrownsGameOverInteractor.swift */ = {isa = PBXFileReference; lastKnownFileType = sourcecode.swift; path = CrownsGameOverInteractor.swift; sourceTree = "<group>"; };
		0F9BA3032DA1639A00C2ACFD /* CrownsGameOverPresenter.swift */ = {isa = PBXFileReference; lastKnownFileType = sourcecode.swift; path = CrownsGameOverPresenter.swift; sourceTree = "<group>"; };
		0F9BA3052DA163A400C2ACFD /* CrownsGameOverModel.swift */ = {isa = PBXFileReference; lastKnownFileType = sourcecode.swift; path = CrownsGameOverModel.swift; sourceTree = "<group>"; };
		0F9BA3072DA163CE00C2ACFD /* CrownsGameOverBuilder.swift */ = {isa = PBXFileReference; lastKnownFileType = sourcecode.swift; path = CrownsGameOverBuilder.swift; sourceTree = "<group>"; };
/* End PBXFileReference section */

/* Begin PBXFrameworksBuildPhase section */
		0F5F8C792D4177E2006A8164 /* Frameworks */ = {
			isa = PBXFrameworksBuildPhase;
			buildActionMask = 2147483647;
			files = (
				0F6AFB062D6C0BED007B8454 /* FSCalendar in Frameworks */,
			);
			runOnlyForDeploymentPostprocessing = 0;
		};
		0F5F8C8F2D4177E4006A8164 /* Frameworks */ = {
			isa = PBXFrameworksBuildPhase;
			buildActionMask = 2147483647;
			files = (
			);
			runOnlyForDeploymentPostprocessing = 0;
		};
		0F5F8C992D4177E4006A8164 /* Frameworks */ = {
			isa = PBXFrameworksBuildPhase;
			buildActionMask = 2147483647;
			files = (
			);
			runOnlyForDeploymentPostprocessing = 0;
		};
/* End PBXFrameworksBuildPhase section */

/* Begin PBXGroup section */
		0F1A78D72D482D9D00DAA4F0 /* Application */ = {
			isa = PBXGroup;
			children = (
				0F5F8C7F2D4177E2006A8164 /* AppDelegate.swift */,
				0F5F8C812D4177E2006A8164 /* SceneDelegate.swift */,
			);
			path = Application;
			sourceTree = "<group>";
		};
		0F1A78D82D482DF600DAA4F0 /* Resources */ = {
			isa = PBXGroup;
			children = (
				0F6AFB0B2D6C2019007B8454 /* AppDiscriptionImages */,
				0F5F18752D513E8600ED204B /* IrishGrover-Regular.ttf */,
				0F5F8CBB2D41A7DE006A8164 /* Constants.swift */,
				0F5F8C8A2D4177E4006A8164 /* LaunchScreen.storyboard */,
				0F5F8C882D4177E4006A8164 /* Assets.xcassets */,
				0F5F8C8D2D4177E4006A8164 /* Info.plist */,
			);
			path = Resources;
			sourceTree = "<group>";
		};
		0F1A78DC2D4841AA00DAA4F0 /* ChallengeModule */ = {
			isa = PBXGroup;
			children = (
				0F1A78DD2D48425300DAA4F0 /* ChallengeViewController.swift */,
				0F1A78DF2D4842AD00DAA4F0 /* ChallengeInteractor.swift */,
				0F1A78E12D4842BD00DAA4F0 /* ChallengePresenter.swift */,
				0F1A78E32D4842CD00DAA4F0 /* ChallengeModel.swift */,
				0F1A78E52D4842E500DAA4F0 /* ChallengeBuilder.swift */,
			);
			path = ChallengeModule;
			sourceTree = "<group>";
		};
		0F1A78E92D48575300DAA4F0 /* ProfileModule */ = {
			isa = PBXGroup;
			children = (
				0F1A78EA2D48577200DAA4F0 /* ProfileViewController.swift */,
				0F1A78EC2D48577F00DAA4F0 /* ProfileInteractor.swift */,
				0F1A78EE2D48579A00DAA4F0 /* ProfilePresenter.swift */,
				0F1A78F02D4857AA00DAA4F0 /* ProfileModel.swift */,
				0F1A78F22D4857BF00DAA4F0 /* ProfileBuilder.swift */,
			);
			path = ProfileModule;
			sourceTree = "<group>";
		};
		0F2C541F2D4930F80051AD13 /* MainTabBarModule */ = {
			isa = PBXGroup;
			children = (
				0F2C541D2D492EFD0051AD13 /* MainTabBarController.swift */,
			);
			path = MainTabBarModule;
			sourceTree = "<group>";
		};
		0F2C54202D49529D0051AD13 /* Modules */ = {
			isa = PBXGroup;
			children = (
				0F2C541F2D4930F80051AD13 /* MainTabBarModule */,
				0F5F8CB52D417CA6006A8164 /* HomeModule */,
				0F1A78DC2D4841AA00DAA4F0 /* ChallengeModule */,
				0F1A78E92D48575300DAA4F0 /* ProfileModule */,
				0F6AFAD52D677143007B8454 /* Crowns */,
				0F6AFAD62D677169007B8454 /* Sudoku */,
				0F6AFAD72D67718D007B8454 /* Queens */,
				0F7465382D76581900959164 /* SettingsModule */,
				0F7465392D76584200959164 /* StatisticsModule */,
				0F74653A2D76586E00959164 /* DeveloperModule */,
			);
			path = Modules;
			sourceTree = "<group>";
		};
		0F2C54212D4EEA5F0051AD13 /* CrownsLearningModule */ = {
			isa = PBXGroup;
			children = (
				0F2C54222D4EEADC0051AD13 /* CrownsLearningViewController.swift */,
				0F5F185D2D511BF700ED204B /* CrownsLearningInteractor.swift */,
				0F5F185F2D511C0200ED204B /* CrownsLearningPresenter.swift */,
				0F5F18612D511CDD00ED204B /* CrownsLearningModel.swift */,
				0F5F18632D511CEE00ED204B /* CrownsLearningBuilder.swift */,
			);
			path = CrownsLearningModule;
			sourceTree = "<group>";
		};
		0F2C54242D4EF3CB0051AD13 /* SudokuLearningModule */ = {
			isa = PBXGroup;
			children = (
				0F2C54262D4EF4600051AD13 /* SudokuLearningViewController.swift */,
				0F5F18652D511D0900ED204B /* SudokuLearningInteractor.swift */,
				0F5F18672D511D3600ED204B /* SudokuLearningPresenter.swift */,
				0F5F18692D511F2000ED204B /* SudokuLearningModel.swift */,
				0F5F186B2D511F3B00ED204B /* SudokuLearningBuilder.swift */,
			);
			path = SudokuLearningModule;
			sourceTree = "<group>";
		};
		0F2C54252D4EF4370051AD13 /* QueensLearningModule */ = {
			isa = PBXGroup;
			children = (
				0F2C54282D4EF4710051AD13 /* QueensLearningViewController.swift */,
				0F5F186D2D511F6000ED204B /* QueensLearningInteractor.swift */,
				0F5F186F2D511F7200ED204B /* QueensLearningPresenter.swift */,
				0F5F18712D511F7C00ED204B /* QueensLearningModel.swift */,
				0F5F18732D511F8900ED204B /* QueensLearningBuilder.swift */,
			);
			path = QueensLearningModule;
			sourceTree = "<group>";
		};
		0F2C542A2D4EF57B0051AD13 /* CrownsPlayModule */ = {
			isa = PBXGroup;
			children = (
				0F2C543C2D50230F0051AD13 /* CrownsPlayViewController.swift */,
				0F2C54402D50511D0051AD13 /* CrownsPlayInteractor.swift */,
				0F2C54422D50512C0051AD13 /* CrownsPlayPresenter.swift */,
				0F2C54462D50514D0051AD13 /* CrownsPlayBuilder.swift */,
				0F2C54442D50513A0051AD13 /* CrownsPlayModel.swift */,
			);
			path = CrownsPlayModule;
			sourceTree = "<group>";
		};
		0F2C542B2D4EF5940051AD13 /* QueensPlayModule */ = {
			isa = PBXGroup;
			children = (
				0F2C543E2D50236C0051AD13 /* QueensPlayViewController.swift */,
				0F2C54502D5051E10051AD13 /* QueensPlayInteractor.swift */,
				0F2C54522D5051F00051AD13 /* QueensPlayPresenter.swift */,
				0F2C54542D5052030051AD13 /* QueensPlayModel.swift */,
				0F2C54562D5052120051AD13 /* QueensPlayBuilder.swift */,
			);
			path = QueensPlayModule;
			sourceTree = "<group>";
		};
		0F2C54392D5022030051AD13 /* SudokuPlayModule */ = {
			isa = PBXGroup;
			children = (
				0F2C543A2D50224B0051AD13 /* SudokuPlayViewController.swift */,
				0F2C54482D5051680051AD13 /* SudokuPlayInteractor.swift */,
				0F2C544A2D5051750051AD13 /* SudokuPlayPresenter.swift */,
				0F2C544C2D50518E0051AD13 /* SudokuPlayModel.swift */,
				0F2C544E2D5051A10051AD13 /* SudokuPlayBuilder.swift */,
			);
			path = SudokuPlayModule;
			sourceTree = "<group>";
		};
		0F43495A2D80D51A00333BB6 /* SudokuGameOverModule */ = {
			isa = PBXGroup;
			children = (
				0F43495B2D80D55100333BB6 /* SudokuGameOverViewController.swift */,
				0F43495D2D80D5A800333BB6 /* SudokuGameOverInteractor.swift */,
				0F43495F2D80D5B200333BB6 /* SudokuGameOverPresenter.swift */,
				0F4349612D80D5C000333BB6 /* SudokuGameOverModel.swift */,
				0F4349632D80D5CA00333BB6 /* SudokuGameOverBuilder.swift */,
			);
			path = SudokuGameOverModule;
			sourceTree = "<group>";
		};
		0F5F8C732D4177E2006A8164 = {
			isa = PBXGroup;
			children = (
				0F6AFB092D6C1F69007B8454 /* README.md */,
				0F5F8C7E2D4177E2006A8164 /* Crowns */,
				0F5F8C952D4177E4006A8164 /* CrownsTests */,
				0F5F8C9F2D4177E4006A8164 /* CrownsUITests */,
				0F5F8C7D2D4177E2006A8164 /* Products */,
			);
			sourceTree = "<group>";
		};
		0F5F8C7D2D4177E2006A8164 /* Products */ = {
			isa = PBXGroup;
			children = (
				0F5F8C7C2D4177E2006A8164 /* Crowns.app */,
				0F5F8C922D4177E4006A8164 /* CrownsTests.xctest */,
				0F5F8C9C2D4177E4006A8164 /* CrownsUITests.xctest */,
			);
			name = Products;
			sourceTree = "<group>";
		};
		0F5F8C7E2D4177E2006A8164 /* Crowns */ = {
			isa = PBXGroup;
			children = (
				0F9BA2FA2DA15F2900C2ACFD /* CoreData */,
				0F8EED952D788F6D00F60BFA /* PuzzleGenerators */,
				0F2C54202D49529D0051AD13 /* Modules */,
				0F1A78D72D482D9D00DAA4F0 /* Application */,
				0F1A78D82D482DF600DAA4F0 /* Resources */,
				0F6AFAF92D67F7F5007B8454 /* CustomObjects */,
				0F5F8CB82D418ADA006A8164 /* Extensions */,
			);
			path = Crowns;
			sourceTree = "<group>";
		};
		0F5F8C952D4177E4006A8164 /* CrownsTests */ = {
			isa = PBXGroup;
			children = (
				0F5F8C962D4177E4006A8164 /* CrownsTests.swift */,
			);
			path = CrownsTests;
			sourceTree = "<group>";
		};
		0F5F8C9F2D4177E4006A8164 /* CrownsUITests */ = {
			isa = PBXGroup;
			children = (
				0F5F8CA02D4177E4006A8164 /* CrownsUITests.swift */,
				0F5F8CA22D4177E4006A8164 /* CrownsUITestsLaunchTests.swift */,
			);
			path = CrownsUITests;
			sourceTree = "<group>";
		};
		0F5F8CB52D417CA6006A8164 /* HomeModule */ = {
			isa = PBXGroup;
			children = (
				0F5F8C832D4177E2006A8164 /* HomeViewController.swift */,
				0F5F8CB12D417C8C006A8164 /* HomeInteractor.swift */,
				0F5F8CB32D417C9C006A8164 /* HomePresenter.swift */,
				0F5F8CAF2D417C6B006A8164 /* HomeModel.swift */,
				0F1A78D92D4837C500DAA4F0 /* HomeBuilder.swift */,
			);
			path = HomeModule;
			sourceTree = "<group>";
		};
		0F5F8CB82D418ADA006A8164 /* Extensions */ = {
			isa = PBXGroup;
			children = (
				0F5F8CB62D418883006A8164 /* UIView+Pin.swift */,
				0F5F8CB92D418B14006A8164 /* UIView+Color.swift */,
			);
			path = Extensions;
			sourceTree = "<group>";
		};
		0F6AFAD52D677143007B8454 /* Crowns */ = {
			isa = PBXGroup;
			children = (
				0F768FA02DAFFCC100743ABF /* UnfinishedCrownsModule */,
				0F9BA2FE2DA1635100C2ACFD /* CrownsGameOverModule */,
				0F6AFAEE2D677CE7007B8454 /* CrownsSettingsModule */,
				0F2C54212D4EEA5F0051AD13 /* CrownsLearningModule */,
				0F2C542A2D4EF57B0051AD13 /* CrownsPlayModule */,
			);
			path = Crowns;
			sourceTree = "<group>";
		};
		0F6AFAD62D677169007B8454 /* Sudoku */ = {
			isa = PBXGroup;
			children = (
				0F43495A2D80D51A00333BB6 /* SudokuGameOverModule */,
				0F6AFAE32D6779B3007B8454 /* SudokuSettingsModule */,
				0F2C54242D4EF3CB0051AD13 /* SudokuLearningModule */,
				0F2C54392D5022030051AD13 /* SudokuPlayModule */,
			);
			path = Sudoku;
			sourceTree = "<group>";
		};
		0F6AFAD72D67718D007B8454 /* Queens */ = {
			isa = PBXGroup;
			children = (
				0F6AFAD82D677273007B8454 /* QueensSettingsModule */,
				0F2C54252D4EF4370051AD13 /* QueensLearningModule */,
				0F2C542B2D4EF5940051AD13 /* QueensPlayModule */,
			);
			path = Queens;
			sourceTree = "<group>";
		};
		0F6AFAD82D677273007B8454 /* QueensSettingsModule */ = {
			isa = PBXGroup;
			children = (
				0F6AFAD92D677329007B8454 /* QueensSettingsViewController.swift */,
				0F6AFADB2D67733E007B8454 /* QueensSettingsInteractor.swift */,
				0F6AFADD2D67737E007B8454 /* QueensSettingsPresenter.swift */,
				0F6AFADF2D677388007B8454 /* QueensSettingsModel.swift */,
				0F6AFAE12D677390007B8454 /* QueensSettingsBuilder.swift */,
			);
			path = QueensSettingsModule;
			sourceTree = "<group>";
		};
		0F6AFAE32D6779B3007B8454 /* SudokuSettingsModule */ = {
			isa = PBXGroup;
			children = (
				0F6AFAE42D6779F0007B8454 /* SudokuSettingsViewController.swift */,
				0F6AFAE62D677A01007B8454 /* SudokuSettingsInteractor.swift */,
				0F6AFAE82D677A1A007B8454 /* SudokuSettingsPresenter.swift */,
				0F6AFAEA2D677A29007B8454 /* SudokuSettingsBuilder.swift */,
				0F6AFAEC2D677A39007B8454 /* SudokuSettingsModel.swift */,
			);
			path = SudokuSettingsModule;
			sourceTree = "<group>";
		};
		0F6AFAEE2D677CE7007B8454 /* CrownsSettingsModule */ = {
			isa = PBXGroup;
			children = (
				0F6AFAEF2D677D2A007B8454 /* CrownsSettingsViewController.swift */,
				0F6AFAF12D677D36007B8454 /* CrownsSettingsInteractor.swift */,
				0F6AFAF32D677D3F007B8454 /* CrownsSettingsPresenter.swift */,
				0F6AFAF52D677D49007B8454 /* CrownsSettingsBuilder.swift */,
				0F6AFAF72D677D51007B8454 /* CrownsSettingsModel.swift */,
			);
			path = CrownsSettingsModule;
			sourceTree = "<group>";
		};
		0F6AFAF92D67F7F5007B8454 /* CustomObjects */ = {
			isa = PBXGroup;
			children = (
				0F6AFAFA2D67F817007B8454 /* CustomButton.swift */,
				0F6AFAFC2D67F848007B8454 /* CustomText.swift */,
				0F6AFAFE2D67F869007B8454 /* BlinkingCat.swift */,
				0F6AFB002D67F893007B8454 /* CustomNumberPicker.swift */,
				0F6AFB022D67F8DC007B8454 /* TimePickerTextField.swift */,
				0F5F8CBD2D41A865006A8164 /* GameSelector.swift */,
				0F6AFB072D6C0C5C007B8454 /* CustomCalendar.swift */,
				0F7465362D76008A00959164 /* NameTextField.swift */,
				0F74655B2D773B0D00959164 /* SudokuPlaygroundCell.swift */,
				0F33AB292D848566004B9739 /* CrownsPlaygroundCell.swift */,
				0F5144332D7E59CE007CC179 /* SudokuCageOverlay.swift */,
				0F4349582D80C05F00333BB6 /* LoadingScreen.swift */,
			);
			path = CustomObjects;
			sourceTree = "<group>";
		};
		0F6AFB0B2D6C2019007B8454 /* AppDiscriptionImages */ = {
			isa = PBXGroup;
			children = (
				0F6AFB0C2D6C2214007B8454 /* home1.PNG */,
				0F6AFB0E2D6C221C007B8454 /* home2.PNG */,
				0F6AFB102D6C2223007B8454 /* home3.PNG */,
				0F6AFB122D6C2227007B8454 /* challenges1.gif */,
				0F6AFB142D6C222F007B8454 /* settings1.PNG */,
				0F6AFB162D6C2232007B8454 /* settings2.PNG */,
				0F6AFB182D6C2236007B8454 /* settings3.PNG */,
				0F6AFB1A2D6C2239007B8454 /* settings4.PNG */,
				0F6AFB1C2D6C223D007B8454 /* settings5.PNG */,
			);
			path = AppDiscriptionImages;
			sourceTree = "<group>";
		};
		0F7465382D76581900959164 /* SettingsModule */ = {
			isa = PBXGroup;
			children = (
				0F74653B2D7658B800959164 /* SettingsViewController.swift */,
				0F74653D2D7658D500959164 /* SettingsInteractor.swift */,
				0F74653F2D7658E200959164 /* SettingsPresenter.swift */,
				0F7465412D7658F500959164 /* SettingsModel.swift */,
				0F7465432D76591400959164 /* SettingsBuilder.swift */,
			);
			path = SettingsModule;
			sourceTree = "<group>";
		};
		0F7465392D76584200959164 /* StatisticsModule */ = {
			isa = PBXGroup;
			children = (
				0F7465452D765BCB00959164 /* StatisticsViewController.swift */,
				0F7465472D765BD700959164 /* StatisticsInteractor.swift */,
				0F7465492D765BE200959164 /* StatisticsPresenter.swift */,
				0F74654B2D765BED00959164 /* StatisticsModel.swift */,
				0F74654D2D765BF600959164 /* StatisticsBuilder.swift */,
			);
			path = StatisticsModule;
			sourceTree = "<group>";
		};
		0F74653A2D76586E00959164 /* DeveloperModule */ = {
			isa = PBXGroup;
			children = (
				0F74654F2D765CF300959164 /* DeveloperViewController.swift */,
				0F7465512D765D0200959164 /* DeveloperInteractor.swift */,
				0F7465532D765D1000959164 /* DeveloperPresenter.swift */,
				0F7465552D765D1900959164 /* DeveloperModel.swift */,
				0F7465572D765D2300959164 /* DeveloperBuilder.swift */,
			);
			path = DeveloperModule;
			sourceTree = "<group>";
		};
		0F768FA02DAFFCC100743ABF /* UnfinishedCrownsModule */ = {
			isa = PBXGroup;
			children = (
				0F768F9E2DAFF31900743ABF /* UnfinishedCrownsViewController.swift */,
				0F768FA12DAFFD4E00743ABF /* UnfinishedCrownsInteractor.swift */,
				0F768FA32DAFFD5C00743ABF /* UnfinishedCrownsPresenter.swift */,
				0F768FA52DAFFD6B00743ABF /* UnfinishedCrownsModel.swift */,
				0F768FA72DAFFD7600743ABF /* UnfinishedCrownsBuilder.swift */,
			);
			path = UnfinishedCrownsModule;
			sourceTree = "<group>";
		};
		0F8EED952D788F6D00F60BFA /* PuzzleGenerators */ = {
			isa = PBXGroup;
			children = (
				0F8EED962D788FEC00F60BFA /* KillerSudokuGenerator.swift */,
				0F33AB272D847948004B9739 /* CrownsGenerator.swift */,
			);
			path = PuzzleGenerators;
			sourceTree = "<group>";
		};
		0F9BA2FA2DA15F2900C2ACFD /* CoreData */ = {
			isa = PBXGroup;
			children = (
				0F768F9C2DAFDE7600743ABF /* CoreDataManager.swift */,
				0F768F8F2DAD654800743ABF /* ProfileDataManager.swift */,
				0F768F912DADA63D00743ABF /* CrownsProgressManager.swift */,
				0F768F992DAFDCAE00743ABF /* GameModel.xcdatamodeld */,
				0F89CBCB2DB67F9F0062E0BF /* CrownsStatisticManager.swift */,
				0F89CBCD2DB69EDE0062E0BF /* SudokuStatisticManager.swift */,
			);
			path = CoreData;
			sourceTree = "<group>";
		};
		0F9BA2FE2DA1635100C2ACFD /* CrownsGameOverModule */ = {
			isa = PBXGroup;
			children = (
				0F9BA2FF2DA1638500C2ACFD /* CrownsGameOverViewController.swift */,
				0F9BA3012DA1639000C2ACFD /* CrownsGameOverInteractor.swift */,
				0F9BA3032DA1639A00C2ACFD /* CrownsGameOverPresenter.swift */,
				0F9BA3052DA163A400C2ACFD /* CrownsGameOverModel.swift */,
				0F9BA3072DA163CE00C2ACFD /* CrownsGameOverBuilder.swift */,
			);
			path = CrownsGameOverModule;
			sourceTree = "<group>";
		};
/* End PBXGroup section */

/* Begin PBXNativeTarget section */
		0F5F8C7B2D4177E2006A8164 /* Crowns */ = {
			isa = PBXNativeTarget;
			buildConfigurationList = 0F5F8CA62D4177E4006A8164 /* Build configuration list for PBXNativeTarget "Crowns" */;
			buildPhases = (
				0F5F8C782D4177E2006A8164 /* Sources */,
				0F5F8C792D4177E2006A8164 /* Frameworks */,
				0F5F8C7A2D4177E2006A8164 /* Resources */,
			);
			buildRules = (
			);
			dependencies = (
			);
			name = Crowns;
			packageProductDependencies = (
				0F6AFB052D6C0BED007B8454 /* FSCalendar */,
			);
			productName = Crowns;
			productReference = 0F5F8C7C2D4177E2006A8164 /* Crowns.app */;
			productType = "com.apple.product-type.application";
		};
		0F5F8C912D4177E4006A8164 /* CrownsTests */ = {
			isa = PBXNativeTarget;
			buildConfigurationList = 0F5F8CA92D4177E4006A8164 /* Build configuration list for PBXNativeTarget "CrownsTests" */;
			buildPhases = (
				0F5F8C8E2D4177E4006A8164 /* Sources */,
				0F5F8C8F2D4177E4006A8164 /* Frameworks */,
				0F5F8C902D4177E4006A8164 /* Resources */,
			);
			buildRules = (
			);
			dependencies = (
				0F5F8C942D4177E4006A8164 /* PBXTargetDependency */,
			);
			name = CrownsTests;
			productName = CrownsTests;
			productReference = 0F5F8C922D4177E4006A8164 /* CrownsTests.xctest */;
			productType = "com.apple.product-type.bundle.unit-test";
		};
		0F5F8C9B2D4177E4006A8164 /* CrownsUITests */ = {
			isa = PBXNativeTarget;
			buildConfigurationList = 0F5F8CAC2D4177E4006A8164 /* Build configuration list for PBXNativeTarget "CrownsUITests" */;
			buildPhases = (
				0F5F8C982D4177E4006A8164 /* Sources */,
				0F5F8C992D4177E4006A8164 /* Frameworks */,
				0F5F8C9A2D4177E4006A8164 /* Resources */,
			);
			buildRules = (
			);
			dependencies = (
				0F5F8C9E2D4177E4006A8164 /* PBXTargetDependency */,
			);
			name = CrownsUITests;
			productName = CrownsUITests;
			productReference = 0F5F8C9C2D4177E4006A8164 /* CrownsUITests.xctest */;
			productType = "com.apple.product-type.bundle.ui-testing";
		};
/* End PBXNativeTarget section */

/* Begin PBXProject section */
		0F5F8C742D4177E2006A8164 /* Project object */ = {
			isa = PBXProject;
			attributes = {
				BuildIndependentTargetsInParallel = 1;
				LastSwiftUpdateCheck = 1500;
				LastUpgradeCheck = 1500;
				TargetAttributes = {
					0F5F8C7B2D4177E2006A8164 = {
						CreatedOnToolsVersion = 15.0;
					};
					0F5F8C912D4177E4006A8164 = {
						CreatedOnToolsVersion = 15.0;
						TestTargetID = 0F5F8C7B2D4177E2006A8164;
					};
					0F5F8C9B2D4177E4006A8164 = {
						CreatedOnToolsVersion = 15.0;
						TestTargetID = 0F5F8C7B2D4177E2006A8164;
					};
				};
			};
			buildConfigurationList = 0F5F8C772D4177E2006A8164 /* Build configuration list for PBXProject "Crowns" */;
			compatibilityVersion = "Xcode 14.0";
			developmentRegion = en;
			hasScannedForEncodings = 0;
			knownRegions = (
				en,
				Base,
			);
			mainGroup = 0F5F8C732D4177E2006A8164;
			packageReferences = (
				0F6AFB042D6C0BED007B8454 /* XCRemoteSwiftPackageReference "FSCalendar" */,
			);
			productRefGroup = 0F5F8C7D2D4177E2006A8164 /* Products */;
			projectDirPath = "";
			projectRoot = "";
			targets = (
				0F5F8C7B2D4177E2006A8164 /* Crowns */,
				0F5F8C912D4177E4006A8164 /* CrownsTests */,
				0F5F8C9B2D4177E4006A8164 /* CrownsUITests */,
			);
		};
/* End PBXProject section */

/* Begin PBXResourcesBuildPhase section */
		0F5F8C7A2D4177E2006A8164 /* Resources */ = {
			isa = PBXResourcesBuildPhase;
			buildActionMask = 2147483647;
			files = (
				0F5F8C8C2D4177E4006A8164 /* LaunchScreen.storyboard in Resources */,
				0F6AFB0F2D6C221C007B8454 /* home2.PNG in Resources */,
				0F6AFB192D6C2236007B8454 /* settings3.PNG in Resources */,
				0F6AFB132D6C2227007B8454 /* challenges1.gif in Resources */,
				0F6AFB152D6C222F007B8454 /* settings1.PNG in Resources */,
				0F6AFB1D2D6C223D007B8454 /* settings5.PNG in Resources */,
				0F5F18762D513E8600ED204B /* IrishGrover-Regular.ttf in Resources */,
				0F6AFB172D6C2232007B8454 /* settings2.PNG in Resources */,
				0F6AFB112D6C2223007B8454 /* home3.PNG in Resources */,
				0F6AFB0A2D6C1F69007B8454 /* README.md in Resources */,
				0F6AFB1B2D6C2239007B8454 /* settings4.PNG in Resources */,
				0F5F8C892D4177E4006A8164 /* Assets.xcassets in Resources */,
				0F6AFB0D2D6C2214007B8454 /* home1.PNG in Resources */,
			);
			runOnlyForDeploymentPostprocessing = 0;
		};
		0F5F8C902D4177E4006A8164 /* Resources */ = {
			isa = PBXResourcesBuildPhase;
			buildActionMask = 2147483647;
			files = (
			);
			runOnlyForDeploymentPostprocessing = 0;
		};
		0F5F8C9A2D4177E4006A8164 /* Resources */ = {
			isa = PBXResourcesBuildPhase;
			buildActionMask = 2147483647;
			files = (
			);
			runOnlyForDeploymentPostprocessing = 0;
		};
/* End PBXResourcesBuildPhase section */

/* Begin PBXSourcesBuildPhase section */
		0F5F8C782D4177E2006A8164 /* Sources */ = {
			isa = PBXSourcesBuildPhase;
			buildActionMask = 2147483647;
			files = (
				0F6AFB012D67F893007B8454 /* CustomNumberPicker.swift in Sources */,
				0F6AFADC2D67733E007B8454 /* QueensSettingsInteractor.swift in Sources */,
				0F1A78E02D4842AD00DAA4F0 /* ChallengeInteractor.swift in Sources */,
				0F6AFAF82D677D51007B8454 /* CrownsSettingsModel.swift in Sources */,
				0F5F18662D511D0900ED204B /* SudokuLearningInteractor.swift in Sources */,
				0F74654A2D765BE200959164 /* StatisticsPresenter.swift in Sources */,
				0F5F8CB72D418883006A8164 /* UIView+Pin.swift in Sources */,
				0F6AFB082D6C0C5C007B8454 /* CustomCalendar.swift in Sources */,
				0F2C54432D50512C0051AD13 /* CrownsPlayPresenter.swift in Sources */,
				0F768F9F2DAFF31900743ABF /* UnfinishedCrownsViewController.swift in Sources */,
				0F74653C2D7658B800959164 /* SettingsViewController.swift in Sources */,
				0F5F18642D511CEE00ED204B /* CrownsLearningBuilder.swift in Sources */,
				0F2C544F2D5051A10051AD13 /* SudokuPlayBuilder.swift in Sources */,
				0F7465542D765D1000959164 /* DeveloperPresenter.swift in Sources */,
				0F9BA3062DA163A400C2ACFD /* CrownsGameOverModel.swift in Sources */,
				0F6AFAF62D677D49007B8454 /* CrownsSettingsBuilder.swift in Sources */,
				0F7465562D765D1900959164 /* DeveloperModel.swift in Sources */,
				0F7465582D765D2300959164 /* DeveloperBuilder.swift in Sources */,
				0F7465422D7658F500959164 /* SettingsModel.swift in Sources */,
				0F5F18742D511F8900ED204B /* QueensLearningBuilder.swift in Sources */,
				0F6AFAED2D677A39007B8454 /* SudokuSettingsModel.swift in Sources */,
				0F2C54412D50511D0051AD13 /* CrownsPlayInteractor.swift in Sources */,
				0F2C544B2D5051750051AD13 /* SudokuPlayPresenter.swift in Sources */,
				0F74655C2D773B0D00959164 /* SudokuPlaygroundCell.swift in Sources */,
				0F6AFAF02D677D2A007B8454 /* CrownsSettingsViewController.swift in Sources */,
				0F5F8CBE2D41A865006A8164 /* GameSelector.swift in Sources */,
				0F5F18682D511D3600ED204B /* SudokuLearningPresenter.swift in Sources */,
				0F768F922DADA63D00743ABF /* CrownsProgressManager.swift in Sources */,
				0F6AFADE2D67737E007B8454 /* QueensSettingsPresenter.swift in Sources */,
				0F4349592D80C05F00333BB6 /* LoadingScreen.swift in Sources */,
				0F2C54552D5052030051AD13 /* QueensPlayModel.swift in Sources */,
				0F2C54272D4EF4600051AD13 /* SudokuLearningViewController.swift in Sources */,
				0F7465482D765BD700959164 /* StatisticsInteractor.swift in Sources */,
				0F2C54452D50513A0051AD13 /* CrownsPlayModel.swift in Sources */,
				0F33AB282D847948004B9739 /* CrownsGenerator.swift in Sources */,
				0F9BA3042DA1639A00C2ACFD /* CrownsGameOverPresenter.swift in Sources */,
				0F6AFAFD2D67F848007B8454 /* CustomText.swift in Sources */,
				0F5F186E2D511F6000ED204B /* QueensLearningInteractor.swift in Sources */,
				0F5F18622D511CDD00ED204B /* CrownsLearningModel.swift in Sources */,
				0F4349642D80D5CA00333BB6 /* SudokuGameOverBuilder.swift in Sources */,
				0F768FA82DAFFD7600743ABF /* UnfinishedCrownsBuilder.swift in Sources */,
				0F4349622D80D5C000333BB6 /* SudokuGameOverModel.swift in Sources */,
				0F2C54512D5051E10051AD13 /* QueensPlayInteractor.swift in Sources */,
				0F9BA3002DA1638500C2ACFD /* CrownsGameOverViewController.swift in Sources */,
				0F74653E2D7658D500959164 /* SettingsInteractor.swift in Sources */,
				0F768FA22DAFFD4E00743ABF /* UnfinishedCrownsInteractor.swift in Sources */,
				0F5F8CB42D417C9C006A8164 /* HomePresenter.swift in Sources */,
				0F74654E2D765BF600959164 /* StatisticsBuilder.swift in Sources */,
				0F5F18702D511F7200ED204B /* QueensLearningPresenter.swift in Sources */,
				0F2C54232D4EEADC0051AD13 /* CrownsLearningViewController.swift in Sources */,
				0F1A78F12D4857AA00DAA4F0 /* ProfileModel.swift in Sources */,
				0F5F8CB02D417C6B006A8164 /* HomeModel.swift in Sources */,
				0F6AFADA2D677329007B8454 /* QueensSettingsViewController.swift in Sources */,
				0F2C543F2D50236C0051AD13 /* QueensPlayViewController.swift in Sources */,
				0F2C543D2D50230F0051AD13 /* CrownsPlayViewController.swift in Sources */,
				0F768F9D2DAFDE7600743ABF /* CoreDataManager.swift in Sources */,
				0F768FA62DAFFD6B00743ABF /* UnfinishedCrownsModel.swift in Sources */,
				0F1A78DA2D4837C500DAA4F0 /* HomeBuilder.swift in Sources */,
				0F1A78E82D48522D00DAA4F0 /* Constants.swift in Sources */,
				0F6AFAE72D677A01007B8454 /* SudokuSettingsInteractor.swift in Sources */,
				0F9BA3082DA163CE00C2ACFD /* CrownsGameOverBuilder.swift in Sources */,
				0F6AFAEB2D677A29007B8454 /* SudokuSettingsBuilder.swift in Sources */,
				0F5F185E2D511BF700ED204B /* CrownsLearningInteractor.swift in Sources */,
				0F43495E2D80D5A800333BB6 /* SudokuGameOverInteractor.swift in Sources */,
				0F2C541E2D492EFD0051AD13 /* MainTabBarController.swift in Sources */,
				0F5F18722D511F7C00ED204B /* QueensLearningModel.swift in Sources */,
				0F1A78ED2D48577F00DAA4F0 /* ProfileInteractor.swift in Sources */,
				0F768F902DAD654800743ABF /* ProfileDataManager.swift in Sources */,
				0F1A78EB2D48577200DAA4F0 /* ProfileViewController.swift in Sources */,
				0F89CBCC2DB67FA00062E0BF /* CrownsStatisticManager.swift in Sources */,
				0F2C54472D50514D0051AD13 /* CrownsPlayBuilder.swift in Sources */,
				0F7465372D76008A00959164 /* NameTextField.swift in Sources */,
				0F5144342D7E59CE007CC179 /* SudokuCageOverlay.swift in Sources */,
				0F2C54492D5051680051AD13 /* SudokuPlayInteractor.swift in Sources */,
				0F5F186A2D511F2000ED204B /* SudokuLearningModel.swift in Sources */,
				0F6AFAF42D677D3F007B8454 /* CrownsSettingsPresenter.swift in Sources */,
				0F7465462D765BCB00959164 /* StatisticsViewController.swift in Sources */,
				0F89CBCE2DB69EDE0062E0BF /* SudokuStatisticManager.swift in Sources */,
				0F6AFAE52D6779F1007B8454 /* SudokuSettingsViewController.swift in Sources */,
				0F5F186C2D511F3B00ED204B /* SudokuLearningBuilder.swift in Sources */,
				0F768F9B2DAFDCAE00743ABF /* GameModel.xcdatamodeld in Sources */,
				0F7465522D765D0200959164 /* DeveloperInteractor.swift in Sources */,
				0F4349602D80D5B200333BB6 /* SudokuGameOverPresenter.swift in Sources */,
				0F1A78E42D4842CD00DAA4F0 /* ChallengeModel.swift in Sources */,
				0F1A78E62D4842E500DAA4F0 /* ChallengeBuilder.swift in Sources */,
				0F2C544D2D50518E0051AD13 /* SudokuPlayModel.swift in Sources */,
				0F5F18602D511C0200ED204B /* CrownsLearningPresenter.swift in Sources */,
				0F8EED972D788FEC00F60BFA /* KillerSudokuGenerator.swift in Sources */,
				0F6AFAF22D677D36007B8454 /* CrownsSettingsInteractor.swift in Sources */,
				0F1A78EF2D48579A00DAA4F0 /* ProfilePresenter.swift in Sources */,
				0F5F8CBA2D418B14006A8164 /* UIView+Color.swift in Sources */,
				0F5F8C842D4177E2006A8164 /* HomeViewController.swift in Sources */,
				0F6AFAE92D677A1A007B8454 /* SudokuSettingsPresenter.swift in Sources */,
				0F1A78E22D4842BD00DAA4F0 /* ChallengePresenter.swift in Sources */,
				0F43495C2D80D55100333BB6 /* SudokuGameOverViewController.swift in Sources */,
				0F768FA42DAFFD5C00743ABF /* UnfinishedCrownsPresenter.swift in Sources */,
				0F9BA3022DA1639000C2ACFD /* CrownsGameOverInteractor.swift in Sources */,
				0F7465402D7658E200959164 /* SettingsPresenter.swift in Sources */,
				0F33AB2A2D848566004B9739 /* CrownsPlaygroundCell.swift in Sources */,
				0F6AFAE22D677390007B8454 /* QueensSettingsBuilder.swift in Sources */,
				0F5F8CB22D417C8C006A8164 /* HomeInteractor.swift in Sources */,
				0F5F8C802D4177E2006A8164 /* AppDelegate.swift in Sources */,
				0F1A78F32D4857BF00DAA4F0 /* ProfileBuilder.swift in Sources */,
				0F74654C2D765BED00959164 /* StatisticsModel.swift in Sources */,
				0F5F8C822D4177E2006A8164 /* SceneDelegate.swift in Sources */,
				0F6AFAFF2D67F869007B8454 /* BlinkingCat.swift in Sources */,
				0F2C54532D5051F00051AD13 /* QueensPlayPresenter.swift in Sources */,
				0F6AFAE02D677388007B8454 /* QueensSettingsModel.swift in Sources */,
				0F2C543B2D50224B0051AD13 /* SudokuPlayViewController.swift in Sources */,
				0F6AFAFB2D67F817007B8454 /* CustomButton.swift in Sources */,
				0F2C54572D5052120051AD13 /* QueensPlayBuilder.swift in Sources */,
				0F2C54292D4EF4710051AD13 /* QueensLearningViewController.swift in Sources */,
				0F7465442D76591400959164 /* SettingsBuilder.swift in Sources */,
				0F7465502D765CF300959164 /* DeveloperViewController.swift in Sources */,
				0F6AFB032D67F8DC007B8454 /* TimePickerTextField.swift in Sources */,
				0F1A78DE2D48425300DAA4F0 /* ChallengeViewController.swift in Sources */,
			);
			runOnlyForDeploymentPostprocessing = 0;
		};
		0F5F8C8E2D4177E4006A8164 /* Sources */ = {
			isa = PBXSourcesBuildPhase;
			buildActionMask = 2147483647;
			files = (
				0F5F8C972D4177E4006A8164 /* CrownsTests.swift in Sources */,
			);
			runOnlyForDeploymentPostprocessing = 0;
		};
		0F5F8C982D4177E4006A8164 /* Sources */ = {
			isa = PBXSourcesBuildPhase;
			buildActionMask = 2147483647;
			files = (
				0F5F8CA32D4177E4006A8164 /* CrownsUITestsLaunchTests.swift in Sources */,
				0F5F8CA12D4177E4006A8164 /* CrownsUITests.swift in Sources */,
			);
			runOnlyForDeploymentPostprocessing = 0;
		};
/* End PBXSourcesBuildPhase section */

/* Begin PBXTargetDependency section */
		0F5F8C942D4177E4006A8164 /* PBXTargetDependency */ = {
			isa = PBXTargetDependency;
			target = 0F5F8C7B2D4177E2006A8164 /* Crowns */;
			targetProxy = 0F5F8C932D4177E4006A8164 /* PBXContainerItemProxy */;
		};
		0F5F8C9E2D4177E4006A8164 /* PBXTargetDependency */ = {
			isa = PBXTargetDependency;
			target = 0F5F8C7B2D4177E2006A8164 /* Crowns */;
			targetProxy = 0F5F8C9D2D4177E4006A8164 /* PBXContainerItemProxy */;
		};
/* End PBXTargetDependency section */

/* Begin PBXVariantGroup section */
		0F5F8C8A2D4177E4006A8164 /* LaunchScreen.storyboard */ = {
			isa = PBXVariantGroup;
			children = (
				0F5F8C8B2D4177E4006A8164 /* Base */,
			);
			name = LaunchScreen.storyboard;
			sourceTree = "<group>";
		};
/* End PBXVariantGroup section */

/* Begin XCBuildConfiguration section */
		0F5F8CA42D4177E4006A8164 /* Debug */ = {
			isa = XCBuildConfiguration;
			buildSettings = {
				ALWAYS_SEARCH_USER_PATHS = NO;
				ASSETCATALOG_COMPILER_GENERATE_SWIFT_ASSET_SYMBOL_EXTENSIONS = YES;
				CLANG_ANALYZER_NONNULL = YES;
				CLANG_ANALYZER_NUMBER_OBJECT_CONVERSION = YES_AGGRESSIVE;
				CLANG_CXX_LANGUAGE_STANDARD = "gnu++20";
				CLANG_ENABLE_MODULES = YES;
				CLANG_ENABLE_OBJC_ARC = YES;
				CLANG_ENABLE_OBJC_WEAK = YES;
				CLANG_WARN_BLOCK_CAPTURE_AUTORELEASING = YES;
				CLANG_WARN_BOOL_CONVERSION = YES;
				CLANG_WARN_COMMA = YES;
				CLANG_WARN_CONSTANT_CONVERSION = YES;
				CLANG_WARN_DEPRECATED_OBJC_IMPLEMENTATIONS = YES;
				CLANG_WARN_DIRECT_OBJC_ISA_USAGE = YES_ERROR;
				CLANG_WARN_DOCUMENTATION_COMMENTS = YES;
				CLANG_WARN_EMPTY_BODY = YES;
				CLANG_WARN_ENUM_CONVERSION = YES;
				CLANG_WARN_INFINITE_RECURSION = YES;
				CLANG_WARN_INT_CONVERSION = YES;
				CLANG_WARN_NON_LITERAL_NULL_CONVERSION = YES;
				CLANG_WARN_OBJC_IMPLICIT_RETAIN_SELF = YES;
				CLANG_WARN_OBJC_LITERAL_CONVERSION = YES;
				CLANG_WARN_OBJC_ROOT_CLASS = YES_ERROR;
				CLANG_WARN_QUOTED_INCLUDE_IN_FRAMEWORK_HEADER = YES;
				CLANG_WARN_RANGE_LOOP_ANALYSIS = YES;
				CLANG_WARN_STRICT_PROTOTYPES = YES;
				CLANG_WARN_SUSPICIOUS_MOVE = YES;
				CLANG_WARN_UNGUARDED_AVAILABILITY = YES_AGGRESSIVE;
				CLANG_WARN_UNREACHABLE_CODE = YES;
				CLANG_WARN__DUPLICATE_METHOD_MATCH = YES;
				COPY_PHASE_STRIP = NO;
				DEBUG_INFORMATION_FORMAT = dwarf;
				ENABLE_STRICT_OBJC_MSGSEND = YES;
				ENABLE_TESTABILITY = YES;
				ENABLE_USER_SCRIPT_SANDBOXING = YES;
				GCC_C_LANGUAGE_STANDARD = gnu17;
				GCC_DYNAMIC_NO_PIC = NO;
				GCC_NO_COMMON_BLOCKS = YES;
				GCC_OPTIMIZATION_LEVEL = 0;
				GCC_PREPROCESSOR_DEFINITIONS = (
					"DEBUG=1",
					"$(inherited)",
				);
				GCC_WARN_64_TO_32_BIT_CONVERSION = YES;
				GCC_WARN_ABOUT_RETURN_TYPE = YES_ERROR;
				GCC_WARN_UNDECLARED_SELECTOR = YES;
				GCC_WARN_UNINITIALIZED_AUTOS = YES_AGGRESSIVE;
				GCC_WARN_UNUSED_FUNCTION = YES;
				GCC_WARN_UNUSED_VARIABLE = YES;
				IPHONEOS_DEPLOYMENT_TARGET = 17.0;
				LOCALIZATION_PREFERS_STRING_CATALOGS = YES;
				MTL_ENABLE_DEBUG_INFO = INCLUDE_SOURCE;
				MTL_FAST_MATH = YES;
				ONLY_ACTIVE_ARCH = YES;
				SDKROOT = iphoneos;
				SWIFT_ACTIVE_COMPILATION_CONDITIONS = "DEBUG $(inherited)";
				SWIFT_OPTIMIZATION_LEVEL = "-Onone";
			};
			name = Debug;
		};
		0F5F8CA52D4177E4006A8164 /* Release */ = {
			isa = XCBuildConfiguration;
			buildSettings = {
				ALWAYS_SEARCH_USER_PATHS = NO;
				ASSETCATALOG_COMPILER_GENERATE_SWIFT_ASSET_SYMBOL_EXTENSIONS = YES;
				CLANG_ANALYZER_NONNULL = YES;
				CLANG_ANALYZER_NUMBER_OBJECT_CONVERSION = YES_AGGRESSIVE;
				CLANG_CXX_LANGUAGE_STANDARD = "gnu++20";
				CLANG_ENABLE_MODULES = YES;
				CLANG_ENABLE_OBJC_ARC = YES;
				CLANG_ENABLE_OBJC_WEAK = YES;
				CLANG_WARN_BLOCK_CAPTURE_AUTORELEASING = YES;
				CLANG_WARN_BOOL_CONVERSION = YES;
				CLANG_WARN_COMMA = YES;
				CLANG_WARN_CONSTANT_CONVERSION = YES;
				CLANG_WARN_DEPRECATED_OBJC_IMPLEMENTATIONS = YES;
				CLANG_WARN_DIRECT_OBJC_ISA_USAGE = YES_ERROR;
				CLANG_WARN_DOCUMENTATION_COMMENTS = YES;
				CLANG_WARN_EMPTY_BODY = YES;
				CLANG_WARN_ENUM_CONVERSION = YES;
				CLANG_WARN_INFINITE_RECURSION = YES;
				CLANG_WARN_INT_CONVERSION = YES;
				CLANG_WARN_NON_LITERAL_NULL_CONVERSION = YES;
				CLANG_WARN_OBJC_IMPLICIT_RETAIN_SELF = YES;
				CLANG_WARN_OBJC_LITERAL_CONVERSION = YES;
				CLANG_WARN_OBJC_ROOT_CLASS = YES_ERROR;
				CLANG_WARN_QUOTED_INCLUDE_IN_FRAMEWORK_HEADER = YES;
				CLANG_WARN_RANGE_LOOP_ANALYSIS = YES;
				CLANG_WARN_STRICT_PROTOTYPES = YES;
				CLANG_WARN_SUSPICIOUS_MOVE = YES;
				CLANG_WARN_UNGUARDED_AVAILABILITY = YES_AGGRESSIVE;
				CLANG_WARN_UNREACHABLE_CODE = YES;
				CLANG_WARN__DUPLICATE_METHOD_MATCH = YES;
				COPY_PHASE_STRIP = NO;
				DEBUG_INFORMATION_FORMAT = "dwarf-with-dsym";
				ENABLE_NS_ASSERTIONS = NO;
				ENABLE_STRICT_OBJC_MSGSEND = YES;
				ENABLE_USER_SCRIPT_SANDBOXING = YES;
				GCC_C_LANGUAGE_STANDARD = gnu17;
				GCC_NO_COMMON_BLOCKS = YES;
				GCC_WARN_64_TO_32_BIT_CONVERSION = YES;
				GCC_WARN_ABOUT_RETURN_TYPE = YES_ERROR;
				GCC_WARN_UNDECLARED_SELECTOR = YES;
				GCC_WARN_UNINITIALIZED_AUTOS = YES_AGGRESSIVE;
				GCC_WARN_UNUSED_FUNCTION = YES;
				GCC_WARN_UNUSED_VARIABLE = YES;
				IPHONEOS_DEPLOYMENT_TARGET = 17.0;
				LOCALIZATION_PREFERS_STRING_CATALOGS = YES;
				MTL_ENABLE_DEBUG_INFO = NO;
				MTL_FAST_MATH = YES;
				SDKROOT = iphoneos;
				SWIFT_COMPILATION_MODE = wholemodule;
				VALIDATE_PRODUCT = YES;
			};
			name = Release;
		};
		0F5F8CA72D4177E4006A8164 /* Debug */ = {
			isa = XCBuildConfiguration;
			buildSettings = {
				ASSETCATALOG_COMPILER_APPICON_NAME = AppIcon;
				ASSETCATALOG_COMPILER_GLOBAL_ACCENT_COLOR_NAME = AccentColor;
				CODE_SIGN_STYLE = Automatic;
				CURRENT_PROJECT_VERSION = 1;
				DEVELOPMENT_TEAM = D29HMVXL7B;
				GENERATE_INFOPLIST_FILE = YES;
				INFOPLIST_FILE = Crowns/Resources/Info.plist;
				INFOPLIST_KEY_UIApplicationSupportsIndirectInputEvents = YES;
				INFOPLIST_KEY_UILaunchStoryboardName = LaunchScreen;
				INFOPLIST_KEY_UIMainStoryboardFile = "";
				INFOPLIST_KEY_UISupportedInterfaceOrientations_iPad = "UIInterfaceOrientationPortrait UIInterfaceOrientationPortraitUpsideDown UIInterfaceOrientationLandscapeLeft UIInterfaceOrientationLandscapeRight";
				INFOPLIST_KEY_UISupportedInterfaceOrientations_iPhone = "UIInterfaceOrientationPortrait UIInterfaceOrientationLandscapeLeft UIInterfaceOrientationLandscapeRight";
				IPHONEOS_DEPLOYMENT_TARGET = 14.0;
				LD_RUNPATH_SEARCH_PATHS = (
					"$(inherited)",
					"@executable_path/Frameworks",
				);
				MARKETING_VERSION = 1.0;
				PRODUCT_BUNDLE_IDENTIFIER = hse.Crowns;
				PRODUCT_NAME = "$(TARGET_NAME)";
				SWIFT_EMIT_LOC_STRINGS = YES;
				SWIFT_VERSION = 5.0;
				TARGETED_DEVICE_FAMILY = "1,2";
			};
			name = Debug;
		};
		0F5F8CA82D4177E4006A8164 /* Release */ = {
			isa = XCBuildConfiguration;
			buildSettings = {
				ASSETCATALOG_COMPILER_APPICON_NAME = AppIcon;
				ASSETCATALOG_COMPILER_GLOBAL_ACCENT_COLOR_NAME = AccentColor;
				CODE_SIGN_STYLE = Automatic;
				CURRENT_PROJECT_VERSION = 1;
				DEVELOPMENT_TEAM = D29HMVXL7B;
				GENERATE_INFOPLIST_FILE = YES;
				INFOPLIST_FILE = Crowns/Resources/Info.plist;
				INFOPLIST_KEY_UIApplicationSupportsIndirectInputEvents = YES;
				INFOPLIST_KEY_UILaunchStoryboardName = LaunchScreen;
				INFOPLIST_KEY_UIMainStoryboardFile = "";
				INFOPLIST_KEY_UISupportedInterfaceOrientations_iPad = "UIInterfaceOrientationPortrait UIInterfaceOrientationPortraitUpsideDown UIInterfaceOrientationLandscapeLeft UIInterfaceOrientationLandscapeRight";
				INFOPLIST_KEY_UISupportedInterfaceOrientations_iPhone = "UIInterfaceOrientationPortrait UIInterfaceOrientationLandscapeLeft UIInterfaceOrientationLandscapeRight";
				IPHONEOS_DEPLOYMENT_TARGET = 14.0;
				LD_RUNPATH_SEARCH_PATHS = (
					"$(inherited)",
					"@executable_path/Frameworks",
				);
				MARKETING_VERSION = 1.0;
				PRODUCT_BUNDLE_IDENTIFIER = hse.Crowns;
				PRODUCT_NAME = "$(TARGET_NAME)";
				SWIFT_EMIT_LOC_STRINGS = YES;
				SWIFT_VERSION = 5.0;
				TARGETED_DEVICE_FAMILY = "1,2";
			};
			name = Release;
		};
		0F5F8CAA2D4177E4006A8164 /* Debug */ = {
			isa = XCBuildConfiguration;
			buildSettings = {
				ALWAYS_EMBED_SWIFT_STANDARD_LIBRARIES = YES;
				BUNDLE_LOADER = "$(TEST_HOST)";
				CODE_SIGN_STYLE = Automatic;
				CURRENT_PROJECT_VERSION = 1;
				GENERATE_INFOPLIST_FILE = YES;
				IPHONEOS_DEPLOYMENT_TARGET = 17.0;
				MARKETING_VERSION = 1.0;
				PRODUCT_BUNDLE_IDENTIFIER = hse.CrownsTests;
				PRODUCT_NAME = "$(TARGET_NAME)";
				SWIFT_EMIT_LOC_STRINGS = NO;
				SWIFT_VERSION = 5.0;
				TARGETED_DEVICE_FAMILY = "1,2";
				TEST_HOST = "$(BUILT_PRODUCTS_DIR)/Crowns.app/$(BUNDLE_EXECUTABLE_FOLDER_PATH)/Crowns";
			};
			name = Debug;
		};
		0F5F8CAB2D4177E4006A8164 /* Release */ = {
			isa = XCBuildConfiguration;
			buildSettings = {
				ALWAYS_EMBED_SWIFT_STANDARD_LIBRARIES = YES;
				BUNDLE_LOADER = "$(TEST_HOST)";
				CODE_SIGN_STYLE = Automatic;
				CURRENT_PROJECT_VERSION = 1;
				GENERATE_INFOPLIST_FILE = YES;
				IPHONEOS_DEPLOYMENT_TARGET = 17.0;
				MARKETING_VERSION = 1.0;
				PRODUCT_BUNDLE_IDENTIFIER = hse.CrownsTests;
				PRODUCT_NAME = "$(TARGET_NAME)";
				SWIFT_EMIT_LOC_STRINGS = NO;
				SWIFT_VERSION = 5.0;
				TARGETED_DEVICE_FAMILY = "1,2";
				TEST_HOST = "$(BUILT_PRODUCTS_DIR)/Crowns.app/$(BUNDLE_EXECUTABLE_FOLDER_PATH)/Crowns";
			};
			name = Release;
		};
		0F5F8CAD2D4177E4006A8164 /* Debug */ = {
			isa = XCBuildConfiguration;
			buildSettings = {
				ALWAYS_EMBED_SWIFT_STANDARD_LIBRARIES = YES;
				CODE_SIGN_STYLE = Automatic;
				CURRENT_PROJECT_VERSION = 1;
				GENERATE_INFOPLIST_FILE = YES;
				MARKETING_VERSION = 1.0;
				PRODUCT_BUNDLE_IDENTIFIER = hse.CrownsUITests;
				PRODUCT_NAME = "$(TARGET_NAME)";
				SWIFT_EMIT_LOC_STRINGS = NO;
				SWIFT_VERSION = 5.0;
				TARGETED_DEVICE_FAMILY = "1,2";
				TEST_TARGET_NAME = Crowns;
			};
			name = Debug;
		};
		0F5F8CAE2D4177E4006A8164 /* Release */ = {
			isa = XCBuildConfiguration;
			buildSettings = {
				ALWAYS_EMBED_SWIFT_STANDARD_LIBRARIES = YES;
				CODE_SIGN_STYLE = Automatic;
				CURRENT_PROJECT_VERSION = 1;
				GENERATE_INFOPLIST_FILE = YES;
				MARKETING_VERSION = 1.0;
				PRODUCT_BUNDLE_IDENTIFIER = hse.CrownsUITests;
				PRODUCT_NAME = "$(TARGET_NAME)";
				SWIFT_EMIT_LOC_STRINGS = NO;
				SWIFT_VERSION = 5.0;
				TARGETED_DEVICE_FAMILY = "1,2";
				TEST_TARGET_NAME = Crowns;
			};
			name = Release;
		};
/* End XCBuildConfiguration section */

/* Begin XCConfigurationList section */
		0F5F8C772D4177E2006A8164 /* Build configuration list for PBXProject "Crowns" */ = {
			isa = XCConfigurationList;
			buildConfigurations = (
				0F5F8CA42D4177E4006A8164 /* Debug */,
				0F5F8CA52D4177E4006A8164 /* Release */,
			);
			defaultConfigurationIsVisible = 0;
			defaultConfigurationName = Release;
		};
		0F5F8CA62D4177E4006A8164 /* Build configuration list for PBXNativeTarget "Crowns" */ = {
			isa = XCConfigurationList;
			buildConfigurations = (
				0F5F8CA72D4177E4006A8164 /* Debug */,
				0F5F8CA82D4177E4006A8164 /* Release */,
			);
			defaultConfigurationIsVisible = 0;
			defaultConfigurationName = Release;
		};
		0F5F8CA92D4177E4006A8164 /* Build configuration list for PBXNativeTarget "CrownsTests" */ = {
			isa = XCConfigurationList;
			buildConfigurations = (
				0F5F8CAA2D4177E4006A8164 /* Debug */,
				0F5F8CAB2D4177E4006A8164 /* Release */,
			);
			defaultConfigurationIsVisible = 0;
			defaultConfigurationName = Release;
		};
		0F5F8CAC2D4177E4006A8164 /* Build configuration list for PBXNativeTarget "CrownsUITests" */ = {
			isa = XCConfigurationList;
			buildConfigurations = (
				0F5F8CAD2D4177E4006A8164 /* Debug */,
				0F5F8CAE2D4177E4006A8164 /* Release */,
			);
			defaultConfigurationIsVisible = 0;
			defaultConfigurationName = Release;
		};
/* End XCConfigurationList section */

/* Begin XCRemoteSwiftPackageReference section */
		0F6AFB042D6C0BED007B8454 /* XCRemoteSwiftPackageReference "FSCalendar" */ = {
			isa = XCRemoteSwiftPackageReference;
			repositoryURL = "https://github.com/WenchaoD/FSCalendar";
			requirement = {
				kind = upToNextMajorVersion;
				minimumVersion = 2.8.4;
			};
		};
/* End XCRemoteSwiftPackageReference section */

/* Begin XCSwiftPackageProductDependency section */
		0F6AFB052D6C0BED007B8454 /* FSCalendar */ = {
			isa = XCSwiftPackageProductDependency;
			package = 0F6AFB042D6C0BED007B8454 /* XCRemoteSwiftPackageReference "FSCalendar" */;
			productName = FSCalendar;
		};
/* End XCSwiftPackageProductDependency section */

/* Begin XCVersionGroup section */
		0F768F992DAFDCAE00743ABF /* GameModel.xcdatamodeld */ = {
			isa = XCVersionGroup;
			children = (
				0F768F9A2DAFDCAE00743ABF /* GameModel.xcdatamodel */,
			);
			currentVersion = 0F768F9A2DAFDCAE00743ABF /* GameModel.xcdatamodel */;
			path = GameModel.xcdatamodeld;
			sourceTree = "<group>";
			versionGroupType = wrapper.xcdatamodel;
		};
/* End XCVersionGroup section */
	};
	rootObject = 0F5F8C742D4177E2006A8164 /* Project object */;
}
